{
  "name": "@t3n/storybook",
  "version": "0.4.3",
  "lockfileVersion": 1,
  "requires": true,
  "dependencies": {
    "@types/prop-types": {
      "version": "15.7.3",
      "resolved": "https://registry.npmjs.org/@types/prop-types/-/prop-types-15.7.3.tgz",
      "integrity": "sha512-KfRL3PuHmqQLOG+2tGpRO26Ctg+Cq1E01D2DMriKEATHgWLfeNDmq9e29Q9WIky0dQ3NPkd1mzYH8Lm936Z9qw=="
    },
    "@types/react-dates": {
      "version": "17.1.13",
      "resolved": "https://registry.npmjs.org/@types/react-dates/-/react-dates-17.1.13.tgz",
      "integrity": "sha512-vIjerw/GQk9nzcTu2GKDWp8ZGXIKRaK59ioGzK8bCLq696cDxkl91f3sLjSOq6dTXGVB3rDBEpdy8Wiq6C0SMA==",
      "requires": {
        "@types/react": "*",
        "moment": "^2.26.0"
      },
      "dependencies": {
        "@types/react": {
          "version": "16.9.43",
          "resolved": "https://registry.npmjs.org/@types/react/-/react-16.9.43.tgz",
          "integrity": "sha512-PxshAFcnJqIWYpJbLPriClH53Z2WlJcVZE+NP2etUtWQs2s7yIMj3/LDKZT/5CHJ/F62iyjVCDu2H3jHEXIxSg==",
          "requires": {
            "@types/prop-types": "*",
            "csstype": "^2.2.0"
          }
        }
      }
    },
    "airbnb-prop-types": {
      "version": "2.16.0",
      "resolved": "https://registry.npmjs.org/airbnb-prop-types/-/airbnb-prop-types-2.16.0.tgz",
      "integrity": "sha512-7WHOFolP/6cS96PhKNrslCLMYAI8yB1Pp6u6XmxozQOiZbsI5ycglZr5cHhBFfuRcQQjzCMith5ZPZdYiJCxUg==",
      "requires": {
        "array.prototype.find": "^2.1.1",
        "function.prototype.name": "^1.1.2",
        "is-regex": "^1.1.0",
        "object-is": "^1.1.2",
        "object.assign": "^4.1.0",
        "object.entries": "^1.1.2",
        "prop-types": "^15.7.2",
        "prop-types-exact": "^1.2.0",
        "react-is": "^16.13.1"
      }
    },
    "array.prototype.find": {
      "version": "2.1.1",
      "resolved": "https://registry.npmjs.org/array.prototype.find/-/array.prototype.find-2.1.1.tgz",
      "integrity": "sha512-mi+MYNJYLTx2eNYy+Yh6raoQacCsNeeMUaspFPh9Y141lFSsWxxB8V9mM2ye+eqiRs917J6/pJ4M9ZPzenWckA==",
      "requires": {
        "define-properties": "^1.1.3",
        "es-abstract": "^1.17.4"
      }
    },
    "array.prototype.flat": {
      "version": "1.2.3",
      "resolved": "https://registry.npmjs.org/array.prototype.flat/-/array.prototype.flat-1.2.3.tgz",
      "integrity": "sha512-gBlRZV0VSmfPIeWfuuy56XZMvbVfbEUnOXUvt3F/eUUUSyzlgLxhEX4YAEpxNAogRGehPSnfXyPtYyKAhkzQhQ==",
      "requires": {
        "define-properties": "^1.1.3",
        "es-abstract": "^1.17.0-next.1"
      }
    },
    "babel-loader": {
      "version": "8.1.0",
      "resolved": "https://registry.npmjs.org/babel-loader/-/babel-loader-8.1.0.tgz",
      "integrity": "sha512-7q7nC1tYOrqvUrN3LQK4GwSk/TQorZSOlO9C+RZDZpODgyN4ZlCqE5q9cDsyWOliN+aU9B4JX01xK9eJXowJLw==",
      "dev": true,
      "requires": {
        "find-cache-dir": "^2.1.0",
        "loader-utils": "^1.4.0",
        "mkdirp": "^0.5.3",
        "pify": "^4.0.1",
        "schema-utils": "^2.6.5"
      },
      "dependencies": {
        "ajv": {
          "version": "6.12.0",
          "resolved": "https://registry.npmjs.org/ajv/-/ajv-6.12.0.tgz",
          "integrity": "sha512-D6gFiFA0RRLyUbvijN74DWAjXSFxWKaWP7mldxkVhyhAV3+SWA9HEJPHQ2c9soIeTFJqcSdFDGFgdqs1iUU2Hw==",
          "dev": true,
          "requires": {
            "fast-deep-equal": "^3.1.1",
            "fast-json-stable-stringify": "^2.0.0",
            "json-schema-traverse": "^0.4.1",
            "uri-js": "^4.2.2"
          }
        },
        "ajv-keywords": {
          "version": "3.4.1",
          "resolved": "https://registry.npmjs.org/ajv-keywords/-/ajv-keywords-3.4.1.tgz",
          "integrity": "sha512-RO1ibKvd27e6FEShVFfPALuHI3WjSVNeK5FIsmme/LYRNxjKuNj+Dt7bucLa6NdSv3JcVTyMlm9kGR84z1XpaQ==",
          "dev": true
        },
        "big.js": {
          "version": "5.2.2",
          "resolved": "https://registry.npmjs.org/big.js/-/big.js-5.2.2.tgz",
          "integrity": "sha512-vyL2OymJxmarO8gxMr0mhChsO9QGwhynfuu4+MHTAW6czfq9humCB7rKpUjDd9YUiDPU4mzpyupFSvOClAwbmQ==",
          "dev": true
        },
        "commondir": {
          "version": "1.0.1",
          "resolved": "https://registry.npmjs.org/commondir/-/commondir-1.0.1.tgz",
          "integrity": "sha1-3dgA2gxmEnOTzKWVDqloo6rxJTs=",
          "dev": true
        },
        "emojis-list": {
          "version": "3.0.0",
          "resolved": "https://registry.npmjs.org/emojis-list/-/emojis-list-3.0.0.tgz",
          "integrity": "sha512-/kyM18EfinwXZbno9FyUGeFh87KC8HRQBQGildHZbEuRyWFOmv1U10o9BBp8XVZDVNNuQKyIGIu5ZYAAXJ0V2Q==",
          "dev": true
        },
        "fast-deep-equal": {
          "version": "3.1.1",
          "resolved": "https://registry.npmjs.org/fast-deep-equal/-/fast-deep-equal-3.1.1.tgz",
          "integrity": "sha512-8UEa58QDLauDNfpbrX55Q9jrGHThw2ZMdOky5Gl1CDtVeJDPVrG4Jxx1N8jw2gkWaff5UUuX1KJd+9zGe2B+ZA==",
          "dev": true
        },
        "fast-json-stable-stringify": {
          "version": "2.1.0",
          "resolved": "https://registry.npmjs.org/fast-json-stable-stringify/-/fast-json-stable-stringify-2.1.0.tgz",
          "integrity": "sha512-lhd/wF+Lk98HZoTCtlVraHtfh5XYijIjalXck7saUtuanSDyLMxnHhSXEDJqHxD7msR8D0uCmqlkwjCV8xvwHw==",
          "dev": true
        },
        "find-cache-dir": {
          "version": "2.1.0",
          "resolved": "https://registry.npmjs.org/find-cache-dir/-/find-cache-dir-2.1.0.tgz",
          "integrity": "sha512-Tq6PixE0w/VMFfCgbONnkiQIVol/JJL7nRMi20fqzA4NRs9AfeqMGeRdPi3wIhYkxjeBaWh2rxwapn5Tu3IqOQ==",
          "dev": true,
          "requires": {
            "commondir": "^1.0.1",
            "make-dir": "^2.0.0",
            "pkg-dir": "^3.0.0"
          }
        },
        "find-up": {
          "version": "3.0.0",
          "resolved": "https://registry.npmjs.org/find-up/-/find-up-3.0.0.tgz",
          "integrity": "sha512-1yD6RmLI1XBfxugvORwlck6f75tYL+iR0jqwsOrOxMZyGYqUuDhJ0l4AXdO1iX/FTs9cBAMEk1gWSEx1kSbylg==",
          "dev": true,
          "requires": {
            "locate-path": "^3.0.0"
          }
        },
        "json-schema-traverse": {
          "version": "0.4.1",
          "resolved": "https://registry.npmjs.org/json-schema-traverse/-/json-schema-traverse-0.4.1.tgz",
          "integrity": "sha512-xbbCH5dCYU5T8LcEhhuh7HJ88HXuW3qsI3Y0zOZFKfZEHcpWiHU/Jxzk629Brsab/mMiHQti9wMP+845RPe3Vg==",
          "dev": true
        },
        "json5": {
          "version": "1.0.1",
          "resolved": "https://registry.npmjs.org/json5/-/json5-1.0.1.tgz",
          "integrity": "sha512-aKS4WQjPenRxiQsC93MNfjx+nbF4PAdYzmd/1JIj8HYzqfbu86beTuNgXDzPknWk0n0uARlyewZo4s++ES36Ow==",
          "dev": true,
          "requires": {
            "minimist": "^1.2.0"
          }
        },
        "loader-utils": {
          "version": "1.4.0",
          "resolved": "https://registry.npmjs.org/loader-utils/-/loader-utils-1.4.0.tgz",
          "integrity": "sha512-qH0WSMBtn/oHuwjy/NucEgbx5dbxxnxup9s4PVXJUDHZBQY+s0NWA9rJf53RBnQZxfch7euUui7hpoAPvALZdA==",
          "dev": true,
          "requires": {
            "big.js": "^5.2.2",
            "emojis-list": "^3.0.0",
            "json5": "^1.0.1"
          }
        },
        "locate-path": {
          "version": "3.0.0",
          "resolved": "https://registry.npmjs.org/locate-path/-/locate-path-3.0.0.tgz",
          "integrity": "sha512-7AO748wWnIhNqAuaty2ZWHkQHRSNfPVIsPIfwEOWO22AmaoVrWavlOcMR5nzTLNYvp36X220/maaRsrec1G65A==",
          "dev": true,
          "requires": {
            "p-locate": "^3.0.0",
            "path-exists": "^3.0.0"
          }
        },
        "make-dir": {
          "version": "2.1.0",
          "resolved": "https://registry.npmjs.org/make-dir/-/make-dir-2.1.0.tgz",
          "integrity": "sha512-LS9X+dc8KLxXCb8dni79fLIIUA5VyZoyjSMCwTluaXA0o27cCK0bhXkpgw+sTXVpPy/lSO57ilRixqk0vDmtRA==",
          "dev": true,
          "requires": {
            "pify": "^4.0.1",
            "semver": "^5.6.0"
          }
        },
        "minimist": {
          "version": "1.2.5",
          "resolved": "https://registry.npmjs.org/minimist/-/minimist-1.2.5.tgz",
          "integrity": "sha512-FM9nNUYrRBAELZQT3xeZQ7fmMOBg6nWNmJKTcgsJeaLstP/UODVpGsr5OhXhhXg6f+qtJ8uiZ+PUxkDWcgIXLw==",
          "dev": true
        },
        "mkdirp": {
          "version": "0.5.3",
          "resolved": "https://registry.npmjs.org/mkdirp/-/mkdirp-0.5.3.tgz",
          "integrity": "sha512-P+2gwrFqx8lhew375MQHHeTlY8AuOJSrGf0R5ddkEndUkmwpgUob/vQuBD1V22/Cw1/lJr4x+EjllSezBThzBg==",
          "dev": true,
          "requires": {
            "minimist": "^1.2.5"
          }
        },
        "p-limit": {
          "version": "2.2.2",
          "resolved": "https://registry.npmjs.org/p-limit/-/p-limit-2.2.2.tgz",
          "integrity": "sha512-WGR+xHecKTr7EbUEhyLSh5Dube9JtdiG78ufaeLxTgpudf/20KqyMioIUZJAezlTIi6evxuoUs9YXc11cU+yzQ==",
          "dev": true,
          "requires": {
            "p-try": "^2.0.0"
          }
        },
        "p-locate": {
          "version": "3.0.0",
          "resolved": "https://registry.npmjs.org/p-locate/-/p-locate-3.0.0.tgz",
          "integrity": "sha512-x+12w/To+4GFfgJhBEpiDcLozRJGegY+Ei7/z0tSLkMmxGZNybVMSfWj9aJn8Z5Fc7dBUNJOOVgPv2H7IwulSQ==",
          "dev": true,
          "requires": {
            "p-limit": "^2.0.0"
          }
        },
        "p-try": {
          "version": "2.2.0",
          "resolved": "https://registry.npmjs.org/p-try/-/p-try-2.2.0.tgz",
          "integrity": "sha512-R4nPAVTAU0B9D35/Gk3uJf/7XYbQcyohSKdvAxIRSNghFl4e71hVoGnBNQz9cWaXxO2I10KTC+3jMdvvoKw6dQ==",
          "dev": true
        },
        "path-exists": {
          "version": "3.0.0",
          "resolved": "https://registry.npmjs.org/path-exists/-/path-exists-3.0.0.tgz",
          "integrity": "sha1-zg6+ql94yxiSXqfYENe1mwEP1RU=",
          "dev": true
        },
        "pify": {
          "version": "4.0.1",
          "resolved": "https://registry.npmjs.org/pify/-/pify-4.0.1.tgz",
          "integrity": "sha512-uB80kBFb/tfd68bVleG9T5GGsGPjJrLAUpR5PZIrhBnIaRTQRjqdJSsIKkOP6OAIFbj7GOrcudc5pNjZ+geV2g==",
          "dev": true
        },
        "pkg-dir": {
          "version": "3.0.0",
          "resolved": "https://registry.npmjs.org/pkg-dir/-/pkg-dir-3.0.0.tgz",
          "integrity": "sha512-/E57AYkoeQ25qkxMj5PBOVgF8Kiu/h7cYS30Z5+R7WaiCCBfLq58ZI/dSeaEKb9WVJV5n/03QwrN3IeWIFllvw==",
          "dev": true,
          "requires": {
            "find-up": "^3.0.0"
          }
        },
        "punycode": {
          "version": "2.1.1",
          "resolved": "https://registry.npmjs.org/punycode/-/punycode-2.1.1.tgz",
          "integrity": "sha512-XRsRjdf+j5ml+y/6GKHPZbrF/8p2Yga0JPtdqTIY2Xe5ohJPD9saDJJLPvp9+NSBprVvevdXZybnj2cv8OEd0A==",
          "dev": true
        },
        "schema-utils": {
          "version": "2.6.5",
          "resolved": "https://registry.npmjs.org/schema-utils/-/schema-utils-2.6.5.tgz",
          "integrity": "sha512-5KXuwKziQrTVHh8j/Uxz+QUbxkaLW9X/86NBlx/gnKgtsZA2GIVMUn17qWhRFwF8jdYb3Dig5hRO/W5mZqy6SQ==",
          "dev": true,
          "requires": {
            "ajv": "^6.12.0",
            "ajv-keywords": "^3.4.1"
          }
        },
        "semver": {
          "version": "5.7.1",
          "resolved": "https://registry.npmjs.org/semver/-/semver-5.7.1.tgz",
          "integrity": "sha512-sauaDf/PZdVgrLTNYHRtpXa1iRiKcaebiKQ1BJdpQlWH2lCvexQdX55snPFyK7QzpudqbCI0qXFfOasHdyNDGQ==",
          "dev": true
        },
        "uri-js": {
          "version": "4.2.2",
          "resolved": "https://registry.npmjs.org/uri-js/-/uri-js-4.2.2.tgz",
          "integrity": "sha512-KY9Frmirql91X2Qgjry0Wd4Y+YTdrdZheS8TFwvkbLWf/G5KNJDCh6pKL5OZctEW4+0Baa5idK2ZQuELRwPznQ==",
          "dev": true,
          "requires": {
            "punycode": "^2.1.0"
          }
        }
      }
    },
    "brcast": {
      "version": "2.0.2",
      "resolved": "https://registry.npmjs.org/brcast/-/brcast-2.0.2.tgz",
      "integrity": "sha512-Tfn5JSE7hrUlFcOoaLzVvkbgIemIorMIyoMr3TgvszWW7jFt2C9PdeMLtysYD9RU0MmU17b69+XJG1eRY2OBRg=="
    },
    "consolidated-events": {
      "version": "2.0.2",
      "resolved": "https://registry.npmjs.org/consolidated-events/-/consolidated-events-2.0.2.tgz",
      "integrity": "sha512-2/uRVMdRypf5z/TW/ncD/66l75P5hH2vM/GR8Jf8HLc2xnfJtmina6F6du8+v4Z2vTrMo7jC+W1tmEEuuELgkQ=="
    },
    "csstype": {
      "version": "2.6.11",
      "resolved": "https://registry.npmjs.org/csstype/-/csstype-2.6.11.tgz",
      "integrity": "sha512-l8YyEC9NBkSm783PFTvh0FmJy7s5pFKrDp49ZL7zBGX3fWkO+N4EEyan1qqp8cwPLDcD0OSdyY6hAMoxp34JFw=="
    },
    "deepmerge": {
      "version": "1.5.2",
      "resolved": "https://registry.npmjs.org/deepmerge/-/deepmerge-1.5.2.tgz",
      "integrity": "sha512-95k0GDqvBjZavkuvzx/YqVLv/6YYa17fz6ILMSf7neqQITCPbnfEnQvEgMPNjH4kgobe7+WIL0yJEHku+H3qtQ=="
    },
    "define-properties": {
      "version": "1.1.3",
      "resolved": "https://registry.npmjs.org/define-properties/-/define-properties-1.1.3.tgz",
      "integrity": "sha512-3MqfYKj2lLzdMSf8ZIZE/V+Zuy+BgD6f164e8K2w7dgnpKArBDerGYpM46IYYcjnkdPNMjPk9A6VFB8+3SKlXQ==",
      "requires": {
        "object-keys": "^1.0.12"
      }
    },
    "direction": {
      "version": "1.0.4",
      "resolved": "https://registry.npmjs.org/direction/-/direction-1.0.4.tgz",
      "integrity": "sha512-GYqKi1aH7PJXxdhTeZBFrg8vUBeKXi+cNprXsC1kpJcbcVnV9wBsrOu1cQEdG0WeQwlfHiy3XvnKfIrJ2R0NzQ=="
    },
    "document.contains": {
      "version": "1.0.2",
      "resolved": "https://registry.npmjs.org/document.contains/-/document.contains-1.0.2.tgz",
      "integrity": "sha512-YcvYFs15mX8m3AO1QNQy3BlIpSMfNRj3Ujk2BEJxsZG+HZf7/hZ6jr7mDpXrF8q+ff95Vef5yjhiZxm8CGJr6Q==",
      "requires": {
        "define-properties": "^1.1.3"
      }
    },
    "enzyme-shallow-equal": {
      "version": "1.0.1",
      "resolved": "https://registry.npmjs.org/enzyme-shallow-equal/-/enzyme-shallow-equal-1.0.1.tgz",
      "integrity": "sha512-hGA3i1so8OrYOZSM9whlkNmVHOicJpsjgTzC+wn2JMJXhq1oO4kA4bJ5MsfzSIcC71aLDKzJ6gZpIxrqt3QTAQ==",
      "requires": {
        "has": "^1.0.3",
        "object-is": "^1.0.2"
      }
    },
    "es-abstract": {
      "version": "1.17.6",
      "resolved": "https://registry.npmjs.org/es-abstract/-/es-abstract-1.17.6.tgz",
      "integrity": "sha512-Fr89bON3WFyUi5EvAeI48QTWX0AyekGgLA8H+c+7fbfCkJwRWRMLd8CQedNEyJuoYYhmtEqY92pgte1FAhBlhw==",
      "requires": {
        "es-to-primitive": "^1.2.1",
        "function-bind": "^1.1.1",
        "has": "^1.0.3",
        "has-symbols": "^1.0.1",
        "is-callable": "^1.2.0",
        "is-regex": "^1.1.0",
        "object-inspect": "^1.7.0",
        "object-keys": "^1.1.1",
        "object.assign": "^4.1.0",
        "string.prototype.trimend": "^1.0.1",
        "string.prototype.trimstart": "^1.0.1"
      }
    },
    "es-to-primitive": {
      "version": "1.2.1",
      "resolved": "https://registry.npmjs.org/es-to-primitive/-/es-to-primitive-1.2.1.tgz",
      "integrity": "sha512-QCOllgZJtaUo9miYBcLChTUaHNjJF3PYs1VidD7AwiEj1kYxKeQTctLAezAOH5ZKRH0g2IgPn6KwB4IT8iRpvA==",
      "requires": {
        "is-callable": "^1.1.4",
        "is-date-object": "^1.0.1",
        "is-symbol": "^1.0.2"
      }
    },
    "function-bind": {
      "version": "1.1.1",
      "resolved": "https://registry.npmjs.org/function-bind/-/function-bind-1.1.1.tgz",
      "integrity": "sha512-yIovAzMX49sF8Yl58fSCWJ5svSLuaibPxXQJFLmBObTuCr0Mf1KiPopGM9NiFjiYBCbfaa2Fh6breQ6ANVTI0A=="
    },
    "function.prototype.name": {
      "version": "1.1.2",
      "resolved": "https://registry.npmjs.org/function.prototype.name/-/function.prototype.name-1.1.2.tgz",
      "integrity": "sha512-C8A+LlHBJjB2AdcRPorc5JvJ5VUoWlXdEHLOJdCI7kjHEtGTpHQUiqMvCIKUwIsGwZX2jZJy761AXsn356bJQg==",
      "requires": {
        "define-properties": "^1.1.3",
        "es-abstract": "^1.17.0-next.1",
        "functions-have-names": "^1.2.0"
      }
    },
    "functions-have-names": {
      "version": "1.2.1",
      "resolved": "https://registry.npmjs.org/functions-have-names/-/functions-have-names-1.2.1.tgz",
      "integrity": "sha512-j48B/ZI7VKs3sgeI2cZp7WXWmZXu7Iq5pl5/vptV5N2mq+DGFuS/ulaDjtaoLpYzuD6u8UgrUKHfgo7fDTSiBA=="
    },
    "global-cache": {
      "version": "1.2.1",
      "resolved": "https://registry.npmjs.org/global-cache/-/global-cache-1.2.1.tgz",
      "integrity": "sha512-EOeUaup5DgWKlCMhA9YFqNRIlZwoxt731jCh47WBV9fQqHgXhr3Fa55hfgIUqilIcPsfdNKN7LHjrNY+Km40KA==",
      "requires": {
        "define-properties": "^1.1.2",
        "is-symbol": "^1.0.1"
      }
    },
    "has": {
      "version": "1.0.3",
      "resolved": "https://registry.npmjs.org/has/-/has-1.0.3.tgz",
      "integrity": "sha512-f2dvO0VU6Oej7RkWJGrehjbzMAjFp5/VKPp5tTpWIV4JHHZK1/BxbFRtf/siA2SWTe09caDmVtYYzWEIbBS4zw==",
      "requires": {
        "function-bind": "^1.1.1"
      }
    },
    "has-symbols": {
      "version": "1.0.1",
      "resolved": "https://registry.npmjs.org/has-symbols/-/has-symbols-1.0.1.tgz",
      "integrity": "sha512-PLcsoqu++dmEIZB+6totNFKq/7Do+Z0u4oT0zKOJNl3lYK6vGwwu2hjHs+68OEZbTjiUE9bgOABXbP/GvrS0Kg=="
    },
    "hoist-non-react-statics": {
      "version": "3.3.2",
      "resolved": "https://registry.npmjs.org/hoist-non-react-statics/-/hoist-non-react-statics-3.3.2.tgz",
      "integrity": "sha512-/gGivxi8JPKWNm/W0jSmzcMPpfpPLc3dY/6GxhX2hQ9iGj3aDfklV4ET7NjKpSinLpJ5vafa9iiGIEZg10SfBw==",
      "requires": {
        "react-is": "^16.7.0"
      }
    },
    "is-callable": {
      "version": "1.2.0",
      "resolved": "https://registry.npmjs.org/is-callable/-/is-callable-1.2.0.tgz",
      "integrity": "sha512-pyVD9AaGLxtg6srb2Ng6ynWJqkHU9bEM087AKck0w8QwDarTfNcpIYoU8x8Hv2Icm8u6kFJM18Dag8lyqGkviw=="
    },
    "is-date-object": {
      "version": "1.0.2",
      "resolved": "https://registry.npmjs.org/is-date-object/-/is-date-object-1.0.2.tgz",
      "integrity": "sha512-USlDT524woQ08aoZFzh3/Z6ch9Y/EWXEHQ/AaRN0SkKq4t2Jw2R2339tSXmwuVoY7LLlBCbOIlx2myP/L5zk0g=="
    },
    "is-regex": {
      "version": "1.1.0",
      "resolved": "https://registry.npmjs.org/is-regex/-/is-regex-1.1.0.tgz",
      "integrity": "sha512-iI97M8KTWID2la5uYXlkbSDQIg4F6o1sYboZKKTDpnDQMLtUL86zxhgDet3Q2SriaYsyGqZ6Mn2SjbRKeLHdqw==",
      "requires": {
        "has-symbols": "^1.0.1"
      }
    },
    "is-symbol": {
      "version": "1.0.3",
      "resolved": "https://registry.npmjs.org/is-symbol/-/is-symbol-1.0.3.tgz",
      "integrity": "sha512-OwijhaRSgqvhm/0ZdAcXNZt9lYdKFpcRDT5ULUuYXPoT794UNOdU+gpT6Rzo7b4V2HUl/op6GqY894AZwv9faQ==",
      "requires": {
        "has-symbols": "^1.0.1"
      }
    },
    "is-touch-device": {
      "version": "1.0.1",
      "resolved": "https://registry.npmjs.org/is-touch-device/-/is-touch-device-1.0.1.tgz",
      "integrity": "sha512-LAYzo9kMT1b2p19L/1ATGt2XcSilnzNlyvq6c0pbPRVisLbAPpLqr53tIJS00kvrTkj0HtR8U7+u8X0yR8lPSw=="
    },
    "js-tokens": {
      "version": "4.0.0",
      "resolved": "https://registry.npmjs.org/js-tokens/-/js-tokens-4.0.0.tgz",
      "integrity": "sha512-RdJUflcE3cUzKiMqQgsCu06FPu9UdIJO0beYbPhHN4k6apgJtifcoCtT9bcxOpYBtpD2kCM6Sbzg4CausW/PKQ=="
    },
    "lodash": {
      "version": "4.17.19",
      "resolved": "https://registry.npmjs.org/lodash/-/lodash-4.17.19.tgz",
      "integrity": "sha512-JNvd8XER9GQX0v2qJgsaN/mzFCNA5BRe/j8JN9d+tWyGLSodKQHKFicdwNYzWwI3wjRnaKPsGj1XkBjx/F96DQ=="
    },
    "loose-envify": {
      "version": "1.4.0",
      "resolved": "https://registry.npmjs.org/loose-envify/-/loose-envify-1.4.0.tgz",
      "integrity": "sha512-lyuxPGr/Wfhrlem2CL/UcnUc1zcqKAImBDzukY7Y5F/yQiNdko6+fRLevlw1HgMySw7f611UIY408EtxRSoK3Q==",
      "requires": {
        "js-tokens": "^3.0.0 || ^4.0.0"
      }
    },
    "moment": {
      "version": "2.27.0",
      "resolved": "https://registry.npmjs.org/moment/-/moment-2.27.0.tgz",
      "integrity": "sha512-al0MUK7cpIcglMv3YF13qSgdAIqxHTO7brRtaz3DlSULbqfazqkc5kEjNrLDOM7fsjshoFIihnU8snrP7zUvhQ=="
    },
    "object-assign": {
      "version": "4.1.1",
      "resolved": "https://registry.npmjs.org/object-assign/-/object-assign-4.1.1.tgz",
      "integrity": "sha1-IQmtx5ZYh8/AXLvUQsrIv7s2CGM="
    },
    "object-inspect": {
      "version": "1.8.0",
      "resolved": "https://registry.npmjs.org/object-inspect/-/object-inspect-1.8.0.tgz",
      "integrity": "sha512-jLdtEOB112fORuypAyl/50VRVIBIdVQOSUUGQHzJ4xBSbit81zRarz7GThkEFZy1RceYrWYcPcBFPQwHyAc1gA=="
    },
    "object-is": {
      "version": "1.1.2",
      "resolved": "https://registry.npmjs.org/object-is/-/object-is-1.1.2.tgz",
      "integrity": "sha512-5lHCz+0uufF6wZ7CRFWJN3hp8Jqblpgve06U5CMQ3f//6iDjPr2PEo9MWCjEssDsa+UZEL4PkFpr+BMop6aKzQ==",
      "requires": {
        "define-properties": "^1.1.3",
        "es-abstract": "^1.17.5"
      }
    },
    "object-keys": {
      "version": "1.1.1",
      "resolved": "https://registry.npmjs.org/object-keys/-/object-keys-1.1.1.tgz",
      "integrity": "sha512-NuAESUOUMrlIXOfHKzD6bpPu3tYt3xvjNdRIQ+FeT0lNb4K8WR70CaDxhuNguS2XG+GjkyMwOzsN5ZktImfhLA=="
    },
    "object.assign": {
      "version": "4.1.0",
      "resolved": "https://registry.npmjs.org/object.assign/-/object.assign-4.1.0.tgz",
      "integrity": "sha512-exHJeq6kBKj58mqGyTQ9DFvrZC/eR6OwxzoM9YRoGBqrXYonaFyGiFMuc9VZrXf7DarreEwMpurG3dd+CNyW5w==",
      "requires": {
        "define-properties": "^1.1.2",
        "function-bind": "^1.1.1",
        "has-symbols": "^1.0.0",
        "object-keys": "^1.0.11"
      }
    },
    "object.entries": {
      "version": "1.1.2",
      "resolved": "https://registry.npmjs.org/object.entries/-/object.entries-1.1.2.tgz",
      "integrity": "sha512-BQdB9qKmb/HyNdMNWVr7O3+z5MUIx3aiegEIJqjMBbBf0YT9RRxTJSim4mzFqtyr7PDAHigq0N9dO0m0tRakQA==",
      "requires": {
        "define-properties": "^1.1.3",
        "es-abstract": "^1.17.5",
        "has": "^1.0.3"
      }
    },
    "object.values": {
      "version": "1.1.1",
      "resolved": "https://registry.npmjs.org/object.values/-/object.values-1.1.1.tgz",
      "integrity": "sha512-WTa54g2K8iu0kmS/us18jEmdv1a4Wi//BZ/DTVYEcH0XhLM5NYdpDHja3gt57VrZLcNAO2WGA+KpWsDBaHt6eA==",
      "requires": {
        "define-properties": "^1.1.3",
        "es-abstract": "^1.17.0-next.1",
        "function-bind": "^1.1.1",
        "has": "^1.0.3"
      }
    },
    "performance-now": {
      "version": "2.1.0",
      "resolved": "https://registry.npmjs.org/performance-now/-/performance-now-2.1.0.tgz",
      "integrity": "sha1-Ywn04OX6kT7BxpMHrjZLSzd8nns="
    },
    "prop-types": {
      "version": "15.7.2",
      "resolved": "https://registry.npmjs.org/prop-types/-/prop-types-15.7.2.tgz",
      "integrity": "sha512-8QQikdH7//R2vurIJSutZ1smHYTcLpRWEOlHnzcWHmBYrOGUysKwSsrC89BCiFj3CbrfJ/nXFdJepOVrY1GCHQ==",
      "requires": {
        "loose-envify": "^1.4.0",
        "object-assign": "^4.1.1",
        "react-is": "^16.8.1"
      }
    },
    "prop-types-exact": {
      "version": "1.2.0",
      "resolved": "https://registry.npmjs.org/prop-types-exact/-/prop-types-exact-1.2.0.tgz",
      "integrity": "sha512-K+Tk3Kd9V0odiXFP9fwDHUYRyvK3Nun3GVyPapSIs5OBkITAm15W0CPFD/YKTkMUAbc0b9CUwRQp2ybiBIq+eA==",
      "requires": {
        "has": "^1.0.3",
        "object.assign": "^4.1.0",
        "reflect.ownkeys": "^0.2.0"
      }
    },
    "raf": {
      "version": "3.4.1",
      "resolved": "https://registry.npmjs.org/raf/-/raf-3.4.1.tgz",
      "integrity": "sha512-Sq4CW4QhwOHE8ucn6J34MqtZCeWFP2aQSmrlroYgqAV1PjStIhJXxYuTgUIfkEk7zTLjmIjLmU5q+fbD1NnOJA==",
      "requires": {
        "performance-now": "^2.1.0"
      }
    },
    "react-dates": {
      "version": "21.8.0",
      "resolved": "https://registry.npmjs.org/react-dates/-/react-dates-21.8.0.tgz",
      "integrity": "sha512-PPriGqi30CtzZmoHiGdhlA++YPYPYGCZrhydYmXXQ6RAvAsaONcPtYgXRTLozIOrsQ5mSo40+DiA5eOFHnZ6xw==",
      "requires": {
        "airbnb-prop-types": "^2.15.0",
        "consolidated-events": "^1.1.1 || ^2.0.0",
        "enzyme-shallow-equal": "^1.0.0",
        "is-touch-device": "^1.0.1",
        "lodash": "^4.1.1",
        "object.assign": "^4.1.0",
        "object.values": "^1.1.0",
        "prop-types": "^15.7.2",
        "raf": "^3.4.1",
        "react-moment-proptypes": "^1.6.0",
        "react-outside-click-handler": "^1.2.4",
        "react-portal": "^4.2.0",
        "react-with-direction": "^1.3.1",
        "react-with-styles": "^4.1.0",
        "react-with-styles-interface-css": "^6.0.0"
      }
    },
    "react-is": {
      "version": "16.13.1",
      "resolved": "https://registry.npmjs.org/react-is/-/react-is-16.13.1.tgz",
      "integrity": "sha512-24e6ynE2H+OKt4kqsOvNd8kBpV65zoxbA4BVsEOB3ARVWQki/DHzaUoC5KuON/BiccDaCCTZBuOcfZs70kR8bQ=="
    },
    "react-moment-proptypes": {
      "version": "1.7.0",
      "resolved": "https://registry.npmjs.org/react-moment-proptypes/-/react-moment-proptypes-1.7.0.tgz",
      "integrity": "sha512-ZbOn/P4u469WEGAw5hgkS/E+g1YZqdves2BjYsLluJobzUZCtManhjHiZKjniBVT7MSHM6D/iKtRVzlXVv3ikA==",
      "requires": {
        "moment": ">=1.6.0"
      }
    },
    "react-outside-click-handler": {
      "version": "1.3.0",
      "resolved": "https://registry.npmjs.org/react-outside-click-handler/-/react-outside-click-handler-1.3.0.tgz",
      "integrity": "sha512-Te/7zFU0oHpAnctl//pP3hEAeobfeHMyygHB8MnjP6sX5OR8KHT1G3jmLsV3U9RnIYo+Yn+peJYWu+D5tUS8qQ==",
      "requires": {
        "airbnb-prop-types": "^2.15.0",
        "consolidated-events": "^1.1.1 || ^2.0.0",
        "document.contains": "^1.0.1",
        "object.values": "^1.1.0",
        "prop-types": "^15.7.2"
      }
    },
    "react-portal": {
      "version": "4.2.1",
      "resolved": "https://registry.npmjs.org/react-portal/-/react-portal-4.2.1.tgz",
      "integrity": "sha512-fE9kOBagwmTXZ3YGRYb4gcMy+kSA+yLO0xnPankjRlfBv4uCpFXqKPfkpsGQQR15wkZ9EssnvTOl1yMzbkxhPQ==",
      "requires": {
        "prop-types": "^15.5.8"
      }
    },
    "react-with-direction": {
      "version": "1.3.1",
      "resolved": "https://registry.npmjs.org/react-with-direction/-/react-with-direction-1.3.1.tgz",
      "integrity": "sha512-aGcM21ZzhqeXFvDCfPj0rVNYuaVXfTz5D3Rbn0QMz/unZe+CCiLHthrjQWO7s6qdfXORgYFtmS7OVsRgSk5LXQ==",
      "requires": {
        "airbnb-prop-types": "^2.10.0",
        "brcast": "^2.0.2",
        "deepmerge": "^1.5.2",
        "direction": "^1.0.2",
        "hoist-non-react-statics": "^3.3.0",
        "object.assign": "^4.1.0",
        "object.values": "^1.0.4",
        "prop-types": "^15.6.2"
      }
    },
    "react-with-styles": {
      "version": "4.1.0",
      "resolved": "https://registry.npmjs.org/react-with-styles/-/react-with-styles-4.1.0.tgz",
      "integrity": "sha512-zp05fyA6XFetqr07ox/a0bCFyEj//gUozI9cC1GW59zaGJ38STnxYvzotutgpzMyHOd7TFW9ZiZeBKjsYaS+RQ==",
      "requires": {
        "airbnb-prop-types": "^2.14.0",
        "hoist-non-react-statics": "^3.2.1",
        "object.assign": "^4.1.0",
        "prop-types": "^15.7.2",
        "react-with-direction": "^1.3.1"
      }
    },
    "react-with-styles-interface-css": {
      "version": "6.0.0",
      "resolved": "https://registry.npmjs.org/react-with-styles-interface-css/-/react-with-styles-interface-css-6.0.0.tgz",
      "integrity": "sha512-6khSG1Trf4L/uXOge/ZAlBnq2O2PEXlQEqAhCRbvzaQU4sksIkdwpCPEl6d+DtP3+IdhyffTWuHDO9lhe1iYvA==",
      "requires": {
        "array.prototype.flat": "^1.2.1",
        "global-cache": "^1.2.1"
      }
    },
    "reflect.ownkeys": {
      "version": "0.2.0",
      "resolved": "https://registry.npmjs.org/reflect.ownkeys/-/reflect.ownkeys-0.2.0.tgz",
      "integrity": "sha1-dJrO7H8/34tj+SegSAnpDFwLNGA="
    },
    "string.prototype.trimend": {
      "version": "1.0.1",
      "resolved": "https://registry.npmjs.org/string.prototype.trimend/-/string.prototype.trimend-1.0.1.tgz",
      "integrity": "sha512-LRPxFUaTtpqYsTeNKaFOw3R4bxIzWOnbQ837QfBylo8jIxtcbK/A/sMV7Q+OAV/vWo+7s25pOE10KYSjaSO06g==",
      "requires": {
        "define-properties": "^1.1.3",
        "es-abstract": "^1.17.5"
      }
    },
    "string.prototype.trimstart": {
      "version": "1.0.1",
      "resolved": "https://registry.npmjs.org/string.prototype.trimstart/-/string.prototype.trimstart-1.0.1.tgz",
      "integrity": "sha512-XxZn+QpvrBI1FOcg6dIpxUPgWCPuNXvMD72aaRaUQv1eD4e/Qy8i/hFTe0BUmD60p/QA6bh1avmuPTfNjqVWRw==",
      "requires": {
        "define-properties": "^1.1.3",
        "es-abstract": "^1.17.5"
      }
    },
    "typescript": {
      "version": "3.9.3",
      "resolved": "https://registry.npmjs.org/typescript/-/typescript-3.9.3.tgz",
      "integrity": "sha512-D/wqnB2xzNFIcoBG9FG8cXRDjiqSTbG2wd8DMZeQyJlP1vfTkIxH4GKveWaEBYySKIg+USu+E+EDIR47SqnaMQ==",
      "dev": true
    }
  }
}
