{
  "name": "@t3n/theme",
  "version": "1.0.0",
  "lockfileVersion": 1,
  "requires": true,
  "dependencies": {
    "@styled-system/core": {
      "version": "5.0.18",
      "resolved": "https://registry.npmjs.org/@styled-system/core/-/core-5.0.18.tgz",
      "integrity": "sha512-vqDZ083t2tekP3+DJga9YbG3NFYKcVk7rYrGrY39GJSIP0c+HROYbHQhHMPUaHvKE2wgiBrQGLrH1tT97rlgJw==",
      "requires": {
        "object-assign": "^4.1.1"
      }
    },
    "@styled-system/theme-get": {
      "version": "5.0.18",
      "resolved": "https://registry.npmjs.org/@styled-system/theme-get/-/theme-get-5.0.18.tgz",
      "integrity": "sha512-rXR0Y2L8HVHZY5qDv/6DROdti8Jzjm1WDD6ZPS/tacVEdwuxOBTlLwVt5NrXljnYgNrK/yBErHDqcDW7UG3iSQ==",
      "requires": {
        "@styled-system/core": "^5.0.18"
      }
    },
    "object-assign": {
      "version": "4.1.1",
      "resolved": "https://registry.npmjs.org/object-assign/-/object-assign-4.1.1.tgz",
      "integrity": "sha1-IQmtx5ZYh8/AXLvUQsrIv7s2CGM="
    },
    "typescript": {
      "version": "3.5.3",
      "resolved": "https://registry.npmjs.org/typescript/-/typescript-3.5.3.tgz",
      "integrity": "sha512-ACzBtm/PhXBDId6a6sDJfroT2pOWt/oOnk4/dElG5G33ZL776N3Y6/6bKZJBFpd+b05F3Ct9qDjMeJmRWtE2/g==",
      "dev": true
    }
  }
}
