{
  "name": "@t3n/components",
  "version": "0.4.22",
  "lockfileVersion": 1,
  "requires": true,
  "dependencies": {
    "@babel/code-frame": {
      "version": "7.10.4",
      "resolved": "https://registry.npmjs.org/@babel/code-frame/-/code-frame-7.10.4.tgz",
      "integrity": "sha512-vG6SvB6oYEhvgisZNFRmRCUkLz11c7rp+tbNTynGqc6mS1d5ATd/sGyV6W0KZZnXRKMTzZDRgQT3Ou9jhpAfUg==",
      "dev": true,
      "requires": {
        "@babel/highlight": "^7.10.4"
      }
    },
    "@babel/helper-validator-identifier": {
      "version": "7.10.4",
      "resolved": "https://registry.npmjs.org/@babel/helper-validator-identifier/-/helper-validator-identifier-7.10.4.tgz",
      "integrity": "sha512-3U9y+43hz7ZM+rzG24Qe2mufW5KhvFg/NhnNph+i9mgCtdTCtMJuI1TMkrIUiK7Ix4PYlRF9I5dhqaLYA/ADXw==",
      "dev": true
    },
    "@babel/highlight": {
      "version": "7.10.4",
      "resolved": "https://registry.npmjs.org/@babel/highlight/-/highlight-7.10.4.tgz",
      "integrity": "sha512-i6rgnR/YgPEQzZZnbTHHuZdlE8qyoBNalD6F+q4vAFlcMEcqmkoG+mPqJYJCo63qPf74+Y1UZsl3l6f7/RIkmA==",
      "dev": true,
      "requires": {
        "@babel/helper-validator-identifier": "^7.10.4",
        "chalk": "^2.0.0",
        "js-tokens": "^4.0.0"
      },
      "dependencies": {
        "chalk": {
          "version": "2.4.2",
          "resolved": "https://registry.npmjs.org/chalk/-/chalk-2.4.2.tgz",
          "integrity": "sha512-Mti+f9lpJNcwF4tWV8/OrTTtF1gZi+f8FqlyAdouralcFWFQWF2+NgCHShjkCb+IFBLq9buZwE1xckQU4peSuQ==",
          "dev": true,
          "requires": {
            "ansi-styles": "^3.2.1",
            "escape-string-regexp": "^1.0.5",
            "supports-color": "^5.3.0"
          }
        }
      }
    },
    "@babel/runtime": {
      "version": "7.12.5",
      "resolved": "https://registry.npmjs.org/@babel/runtime/-/runtime-7.12.5.tgz",
      "integrity": "sha512-plcc+hbExy3McchJCEQG3knOsuh3HH+Prx1P6cLIkET/0dLuQDEnrT+s27Axgc9bqfsmNUNHfscgMUdBpC9xfg==",
      "requires": {
        "regenerator-runtime": "^0.13.4"
      }
    },
    "@babel/runtime-corejs3": {
      "version": "7.12.5",
      "resolved": "https://registry.npmjs.org/@babel/runtime-corejs3/-/runtime-corejs3-7.12.5.tgz",
      "integrity": "sha512-roGr54CsTmNPPzZoCP1AmDXuBoNao7tnSA83TXTwt+UK5QVyh1DIJnrgYRPWKCF2flqZQXwa7Yr8v7VmLzF0YQ==",
      "dev": true,
      "requires": {
        "core-js-pure": "^3.0.0",
        "regenerator-runtime": "^0.13.4"
      }
    },
    "@emotion/is-prop-valid": {
      "version": "0.8.8",
      "resolved": "https://registry.npmjs.org/@emotion/is-prop-valid/-/is-prop-valid-0.8.8.tgz",
      "integrity": "sha512-u5WtneEAr5IDG2Wv65yhunPSMLIpuKsbuOktRojfrEiEvRyC85LgPMZI63cr7NUqT8ZIGdSVg8ZKGxIug4lXcA==",
      "optional": true,
      "requires": {
        "@emotion/memoize": "0.7.4"
      }
    },
    "@emotion/memoize": {
      "version": "0.7.4",
      "resolved": "https://registry.npmjs.org/@emotion/memoize/-/memoize-0.7.4.tgz",
      "integrity": "sha512-Ja/Vfqe3HpuzRsG1oBtWTHk2PGZ7GR+2Vz5iYGelAw8dx32K0y7PjVuxK6z1nMpZOqAFsRUPCkK1YjJ56qJlgw==",
      "optional": true
    },
    "@jest/types": {
      "version": "26.6.2",
      "resolved": "https://registry.npmjs.org/@jest/types/-/types-26.6.2.tgz",
      "integrity": "sha512-fC6QCp7Sc5sX6g8Tvbmj4XUTbyrik0akgRy03yjXbQaBWWNWGE7SGtJk98m0N8nzegD/7SggrUlivxo5ax4KWQ==",
      "dev": true,
      "requires": {
        "@types/istanbul-lib-coverage": "^2.0.0",
        "@types/istanbul-reports": "^3.0.0",
        "@types/node": "*",
        "@types/yargs": "^15.0.0",
        "chalk": "^4.0.0"
      }
    },
    "@testing-library/dom": {
      "version": "7.28.0",
      "resolved": "https://registry.npmjs.org/@testing-library/dom/-/dom-7.28.0.tgz",
      "integrity": "sha512-jY9wE3eF/fjrxUCC1VTCnMWE/g+aCP582Df4H6H9wQYY0yLglyevTO7TET9pgg0w9Yzm8n7ck0Hxzi18pN5+4w==",
      "dev": true,
      "requires": {
        "@babel/code-frame": "^7.10.4",
        "@babel/runtime": "^7.12.5",
        "@types/aria-query": "^4.2.0",
        "aria-query": "^4.2.2",
        "chalk": "^4.1.0",
        "dom-accessibility-api": "^0.5.4",
        "lz-string": "^1.4.4",
        "pretty-format": "^26.6.2"
      }
    },
    "@testing-library/react": {
      "version": "11.2.1",
      "resolved": "https://registry.npmjs.org/@testing-library/react/-/react-11.2.1.tgz",
      "integrity": "sha512-/rKucr9p/mhMongaeTXwgIRfDnsAUu6LbfN+moNUn2oU0Kw5a7inN5vGvPWv7Ef0YndpERAfODjeseUIlhzRHw==",
      "dev": true,
      "requires": {
        "@babel/runtime": "^7.12.5",
        "@testing-library/dom": "^7.27.1"
      }
    },
    "@types/aria-query": {
      "version": "4.2.0",
      "resolved": "https://registry.npmjs.org/@types/aria-query/-/aria-query-4.2.0.tgz",
      "integrity": "sha512-iIgQNzCm0v7QMhhe4Jjn9uRh+I6GoPmt03CbEtwx3ao8/EfoQcmgtqH4vQ5Db/lxiIGaWDv6nwvunuh0RyX0+A==",
      "dev": true
    },
    "@types/istanbul-lib-coverage": {
      "version": "2.0.3",
      "resolved": "https://registry.npmjs.org/@types/istanbul-lib-coverage/-/istanbul-lib-coverage-2.0.3.tgz",
      "integrity": "sha512-sz7iLqvVUg1gIedBOvlkxPlc8/uVzyS5OwGz1cKjXzkl3FpL3al0crU8YGU1WoHkxn0Wxbw5tyi6hvzJKNzFsw==",
      "dev": true
    },
    "@types/istanbul-lib-report": {
      "version": "3.0.0",
      "resolved": "https://registry.npmjs.org/@types/istanbul-lib-report/-/istanbul-lib-report-3.0.0.tgz",
      "integrity": "sha512-plGgXAPfVKFoYfa9NpYDAkseG+g6Jr294RqeqcqDixSbU34MZVJRi/P+7Y8GDpzkEwLaGZZOpKIEmeVZNtKsrg==",
      "dev": true,
      "requires": {
        "@types/istanbul-lib-coverage": "*"
      }
    },
    "@types/istanbul-reports": {
      "version": "3.0.0",
      "resolved": "https://registry.npmjs.org/@types/istanbul-reports/-/istanbul-reports-3.0.0.tgz",
      "integrity": "sha512-nwKNbvnwJ2/mndE9ItP/zc2TCzw6uuodnF4EHYWD+gCQDVBuRQL5UzbZD0/ezy1iKsFU2ZQiDqg4M9dN4+wZgA==",
      "dev": true,
      "requires": {
        "@types/istanbul-lib-report": "*"
      }
    },
    "@types/jest": {
      "version": "26.0.15",
      "resolved": "https://registry.npmjs.org/@types/jest/-/jest-26.0.15.tgz",
      "integrity": "sha512-s2VMReFXRg9XXxV+CW9e5Nz8fH2K1aEhwgjUqPPbQd7g95T0laAcvLv032EhFHIa5GHsZ8W7iJEQVaJq6k3Gog==",
      "dev": true,
      "requires": {
        "jest-diff": "^26.0.0",
        "pretty-format": "^26.0.0"
      }
    },
    "@types/node": {
      "version": "14.14.9",
      "resolved": "https://registry.npmjs.org/@types/node/-/node-14.14.9.tgz",
      "integrity": "sha512-JsoLXFppG62tWTklIoO4knA+oDTYsmqWxHRvd4lpmfQRNhX6osheUOWETP2jMoV/2bEHuMra8Pp3Dmo/stBFcw==",
      "dev": true
    },
    "@types/prop-types": {
      "version": "15.7.3",
      "resolved": "https://registry.npmjs.org/@types/prop-types/-/prop-types-15.7.3.tgz",
      "integrity": "sha512-KfRL3PuHmqQLOG+2tGpRO26Ctg+Cq1E01D2DMriKEATHgWLfeNDmq9e29Q9WIky0dQ3NPkd1mzYH8Lm936Z9qw=="
    },
    "@types/react": {
      "version": "17.0.0",
      "resolved": "https://registry.npmjs.org/@types/react/-/react-17.0.0.tgz",
      "integrity": "sha512-aj/L7RIMsRlWML3YB6KZiXB3fV2t41+5RBGYF8z+tAKU43Px8C3cYUZsDvf1/+Bm4FK21QWBrDutu8ZJ/70qOw==",
      "requires": {
        "@types/prop-types": "*",
        "csstype": "^3.0.2"
      }
    },
    "@types/react-autosuggest": {
      "version": "10.0.1",
      "resolved": "https://registry.npmjs.org/@types/react-autosuggest/-/react-autosuggest-10.0.1.tgz",
      "integrity": "sha512-CrgPh7phWH/i3ediedml4b1w9d8F0uefzAooh69OXqRU84h1UiJdBR6EoUff+PPPiBeCvh4wI7fgQtVqOe5q4g==",
      "requires": {
        "@types/react": "*"
      }
    },
    "@types/react-dates": {
      "version": "21.8.0",
      "resolved": "https://registry.npmjs.org/@types/react-dates/-/react-dates-21.8.0.tgz",
      "integrity": "sha512-FSvbh8qqz96RK/qfDyJTAyKlcoq5Zv+AAxu26Axdr8+49nquX42GhQ49lKOOQdsJFVqO3fkG4ynDMSAX/9YDBA==",
      "requires": {
        "@types/react": "*",
        "@types/react-outside-click-handler": "*",
        "moment": "^2.26.0"
      }
    },
    "@types/react-dom": {
      "version": "17.0.0",
      "resolved": "https://registry.npmjs.org/@types/react-dom/-/react-dom-17.0.0.tgz",
      "integrity": "sha512-lUqY7OlkF/RbNtD5nIq7ot8NquXrdFrjSOR6+w9a9RFQevGi1oZO1dcJbXMeONAPKtZ2UrZOEJ5UOCVsxbLk/g==",
      "dev": true,
      "requires": {
        "@types/react": "*"
      }
    },
    "@types/react-outside-click-handler": {
      "version": "1.3.0",
      "resolved": "https://registry.npmjs.org/@types/react-outside-click-handler/-/react-outside-click-handler-1.3.0.tgz",
      "integrity": "sha512-BxQpd5GsbA9rjqLcM4lYp70VnvahgjMUeJ4OKi0A7QOsDLD2yUPswOVixtDpmvCu0PkRTfvMoStIR3gKC/L3XQ==",
      "requires": {
        "@types/react": "*"
      }
    },
    "@types/yargs": {
      "version": "15.0.10",
      "resolved": "https://registry.npmjs.org/@types/yargs/-/yargs-15.0.10.tgz",
      "integrity": "sha512-z8PNtlhrj7eJNLmrAivM7rjBESG6JwC5xP3RVk12i/8HVP7Xnx/sEmERnRImyEuUaJfO942X0qMOYsoupaJbZQ==",
      "dev": true,
      "requires": {
        "@types/yargs-parser": "*"
      }
    },
    "@types/yargs-parser": {
      "version": "15.0.0",
      "resolved": "https://registry.npmjs.org/@types/yargs-parser/-/yargs-parser-15.0.0.tgz",
      "integrity": "sha512-FA/BWv8t8ZWJ+gEOnLLd8ygxH/2UFbAvgEonyfN6yWGLKc7zVjbpl2Y4CTjid9h2RfgPP6SEt6uHwEOply00yw==",
      "dev": true
    },
    "ansi-regex": {
      "version": "5.0.0",
      "resolved": "https://registry.npmjs.org/ansi-regex/-/ansi-regex-5.0.0.tgz",
      "integrity": "sha512-bY6fj56OUQ0hU1KjFNDQuJFezqKdrAyFdIevADiqrWHwSlbmBNMHp5ak2f40Pm8JTFyM2mqxkG6ngkHO11f/lg==",
      "dev": true
    },
    "ansi-styles": {
      "version": "3.2.1",
      "resolved": "https://registry.npmjs.org/ansi-styles/-/ansi-styles-3.2.1.tgz",
      "integrity": "sha512-VT0ZI6kZRdTh8YyJw3SMbYm/u+NqfsAxEpWO0Pf9sq8/e94WxxOpPKx9FR1FlyCtOVDNOQ+8ntlqFxiRc+r5qA==",
      "dev": true,
      "requires": {
        "color-convert": "^1.9.0"
      }
    },
    "aria-query": {
      "version": "4.2.2",
      "resolved": "https://registry.npmjs.org/aria-query/-/aria-query-4.2.2.tgz",
      "integrity": "sha512-o/HelwhuKpTj/frsOsbNLNgnNGVIFsVP/SW2BSF14gVl7kAfMOJ6/8wUAUvG1R1NHKrfG+2sHZTu0yauT1qBrA==",
      "dev": true,
      "requires": {
        "@babel/runtime": "^7.10.2",
        "@babel/runtime-corejs3": "^7.10.2"
      }
    },
    "chalk": {
      "version": "4.1.0",
      "resolved": "https://registry.npmjs.org/chalk/-/chalk-4.1.0.tgz",
      "integrity": "sha512-qwx12AxXe2Q5xQ43Ac//I6v5aXTipYrSESdOgzrN+9XjgEpyjpKuvSGaN4qE93f7TQTlerQQ8S+EQ0EyDoVL1A==",
      "dev": true,
      "requires": {
        "ansi-styles": "^4.1.0",
        "supports-color": "^7.1.0"
      },
      "dependencies": {
        "ansi-styles": {
          "version": "4.3.0",
          "resolved": "https://registry.npmjs.org/ansi-styles/-/ansi-styles-4.3.0.tgz",
          "integrity": "sha512-zbB9rCJAT1rbjiVDb2hqKFHNYLxgtk8NURxZ3IZwD3F6NtxbXZQCnnSi1Lkx+IDohdPlFp222wVALIheZJQSEg==",
          "dev": true,
          "requires": {
            "color-convert": "^2.0.1"
          }
        },
        "color-convert": {
          "version": "2.0.1",
          "resolved": "https://registry.npmjs.org/color-convert/-/color-convert-2.0.1.tgz",
          "integrity": "sha512-RRECPsj7iu/xb5oKYcsFHSppFNnsj/52OVTRKb4zP5onXwVF3zVmmToNcOfGC+CRDpfK/U584fMg38ZHCaElKQ==",
          "dev": true,
          "requires": {
            "color-name": "~1.1.4"
          }
        },
        "color-name": {
          "version": "1.1.4",
          "resolved": "https://registry.npmjs.org/color-name/-/color-name-1.1.4.tgz",
          "integrity": "sha512-dOy+3AuW3a2wNbZHIuMZpTcgjGuLU/uBL/ubcZF9OXbDo8ff4O8yVp5Bf0efS8uEoYo5q4Fx7dY9OgQGXgAsQA==",
          "dev": true
        },
        "has-flag": {
          "version": "4.0.0",
          "resolved": "https://registry.npmjs.org/has-flag/-/has-flag-4.0.0.tgz",
          "integrity": "sha512-EykJT/Q1KjTWctppgIAgfSO0tKVuZUjhgMr17kqTumMl6Afv3EISleU7qZUzoXDFTAHTDC4NOoG/ZxU3EvlMPQ==",
          "dev": true
        },
        "supports-color": {
          "version": "7.2.0",
          "resolved": "https://registry.npmjs.org/supports-color/-/supports-color-7.2.0.tgz",
          "integrity": "sha512-qpCAvRl9stuOHveKsn7HncJRvv501qIacKzQlO/+Lwxc9+0q2wLyv4Dfvt80/DPn2pqOBsJdDiogXGR9+OvwRw==",
          "dev": true,
          "requires": {
            "has-flag": "^4.0.0"
          }
        }
      }
    },
    "classnames": {
      "version": "2.2.6",
      "resolved": "https://registry.npmjs.org/classnames/-/classnames-2.2.6.tgz",
      "integrity": "sha512-JR/iSQOSt+LQIWwrwEzJ9uk0xfN3mTVYMwt1Ir5mUcSN6pU+V4zQFFaJsclJbPuAUQH+yfWef6tm7l1quW3C8Q=="
    },
    "color-convert": {
      "version": "1.9.3",
      "resolved": "https://registry.npmjs.org/color-convert/-/color-convert-1.9.3.tgz",
      "integrity": "sha512-QfAUtd+vFdAtFQcC8CCyYt1fYWxSqAiK2cSD6zDB8N3cpsEBAvRxp9zOGg6G/SHHJYAT88/az/IuDGALsNVbGg==",
      "dev": true,
      "requires": {
        "color-name": "1.1.3"
      }
    },
    "color-name": {
      "version": "1.1.3",
      "resolved": "https://registry.npmjs.org/color-name/-/color-name-1.1.3.tgz",
      "integrity": "sha1-p9BVi9icQveV3UIyj3QIMcpTvCU=",
      "dev": true
    },
    "core-js-pure": {
      "version": "3.7.0",
      "resolved": "https://registry.npmjs.org/core-js-pure/-/core-js-pure-3.7.0.tgz",
      "integrity": "sha512-EZD2ckZysv8MMt4J6HSvS9K2GdtlZtdBncKAmF9lr2n0c9dJUaUN88PSTjvgwCgQPWKTkERXITgS6JJRAnljtg==",
      "dev": true
    },
    "csstype": {
      "version": "3.0.5",
      "resolved": "https://registry.npmjs.org/csstype/-/csstype-3.0.5.tgz",
      "integrity": "sha512-uVDi8LpBUKQj6sdxNaTetL6FpeCqTjOvAQuQUa/qAqq8oOd4ivkbhgnqayl0dnPal8Tb/yB1tF+gOvCBiicaiQ=="
    },
    "diff-sequences": {
      "version": "26.6.2",
      "resolved": "https://registry.npmjs.org/diff-sequences/-/diff-sequences-26.6.2.tgz",
      "integrity": "sha512-Mv/TDa3nZ9sbc5soK+OoA74BsS3mL37yixCvUAQkiuA4Wz6YtwP/K47n2rv2ovzHZvoiQeA5FTQOschKkEwB0Q==",
      "dev": true
    },
    "dom-accessibility-api": {
      "version": "0.5.4",
      "resolved": "https://registry.npmjs.org/dom-accessibility-api/-/dom-accessibility-api-0.5.4.tgz",
      "integrity": "sha512-TvrjBckDy2c6v6RLxPv5QXOnU+SmF9nBII5621Ve5fu6Z/BDrENurBEvlC1f44lKEUVqOpK4w9E5Idc5/EgkLQ==",
      "dev": true
    },
    "enquire.js": {
      "version": "2.1.6",
      "resolved": "https://registry.npmjs.org/enquire.js/-/enquire.js-2.1.6.tgz",
      "integrity": "sha1-PoeAybi4NQhMP2DhZtvDwqPImBQ="
    },
    "escape-string-regexp": {
      "version": "1.0.5",
      "resolved": "https://registry.npmjs.org/escape-string-regexp/-/escape-string-regexp-1.0.5.tgz",
      "integrity": "sha1-G2HAViGQqN/2rjuyzwIAyhMLhtQ=",
      "dev": true
    },
    "framer-motion": {
      "version": "2.9.4",
      "resolved": "https://registry.npmjs.org/framer-motion/-/framer-motion-2.9.4.tgz",
      "integrity": "sha512-Bvgdwpu5UO6VnEEwenJEmnGeo9ILRRWh9f3iIX+71NiM5X60Qi6KlkBFGZc9DGbdIUAn0AYgaxVhTKL39OOYng==",
      "requires": {
        "@emotion/is-prop-valid": "^0.8.2",
        "framesync": "^4.1.0",
        "hey-listen": "^1.0.8",
        "popmotion": "9.0.0-rc.20",
        "style-value-types": "^3.1.9",
        "tslib": "^1.10.0"
      }
    },
    "framesync": {
      "version": "4.1.0",
      "resolved": "https://registry.npmjs.org/framesync/-/framesync-4.1.0.tgz",
      "integrity": "sha512-MmgZ4wCoeVxNbx2xp5hN/zPDCbLSKiDt4BbbslK7j/pM2lg5S0vhTNv1v8BCVb99JPIo6hXBFdwzU7Q4qcAaoQ==",
      "requires": {
        "hey-listen": "^1.0.5"
      }
    },
    "has-flag": {
      "version": "3.0.0",
      "resolved": "https://registry.npmjs.org/has-flag/-/has-flag-3.0.0.tgz",
      "integrity": "sha1-tdRU3CGZriJWmfNGfloH87lVuv0=",
      "dev": true
    },
    "hey-listen": {
      "version": "1.0.8",
      "resolved": "https://registry.npmjs.org/hey-listen/-/hey-listen-1.0.8.tgz",
      "integrity": "sha512-COpmrF2NOg4TBWUJ5UVyaCU2A88wEMkUPK4hNqyCkqHbxT92BbvfjoSozkAIIm6XhicGlJHhFdullInrdhwU8Q=="
    },
    "jest-diff": {
      "version": "26.6.2",
      "resolved": "https://registry.npmjs.org/jest-diff/-/jest-diff-26.6.2.tgz",
      "integrity": "sha512-6m+9Z3Gv9wN0WFVasqjCL/06+EFCMTqDEUl/b87HYK2rAPTyfz4ZIuSlPhY51PIQRWx5TaxeF1qmXKe9gfN3sA==",
      "dev": true,
      "requires": {
        "chalk": "^4.0.0",
        "diff-sequences": "^26.6.2",
        "jest-get-type": "^26.3.0",
        "pretty-format": "^26.6.2"
      }
    },
    "jest-get-type": {
      "version": "26.3.0",
      "resolved": "https://registry.npmjs.org/jest-get-type/-/jest-get-type-26.3.0.tgz",
      "integrity": "sha512-TpfaviN1R2pQWkIihlfEanwOXK0zcxrKEE4MlU6Tn7keoXdN6/3gK/xl0yEh8DOunn5pOVGKf8hB4R9gVh04ig==",
      "dev": true
    },
    "js-tokens": {
      "version": "4.0.0",
      "resolved": "https://registry.npmjs.org/js-tokens/-/js-tokens-4.0.0.tgz",
      "integrity": "sha512-RdJUflcE3cUzKiMqQgsCu06FPu9UdIJO0beYbPhHN4k6apgJtifcoCtT9bcxOpYBtpD2kCM6Sbzg4CausW/PKQ==",
      "dev": true
    },
    "json2mq": {
      "version": "0.2.0",
      "resolved": "https://registry.npmjs.org/json2mq/-/json2mq-0.2.0.tgz",
      "integrity": "sha1-tje9O6nqvhIsg+lyBIOusQ0skEo=",
      "requires": {
        "string-convert": "^0.2.0"
      }
    },
    "lodash.debounce": {
      "version": "4.0.8",
      "resolved": "https://registry.npmjs.org/lodash.debounce/-/lodash.debounce-4.0.8.tgz",
      "integrity": "sha1-gteb/zCmfEAF/9XiUVMArZyk168="
    },
    "loose-envify": {
      "version": "1.4.0",
      "resolved": "https://registry.npmjs.org/loose-envify/-/loose-envify-1.4.0.tgz",
      "integrity": "sha512-lyuxPGr/Wfhrlem2CL/UcnUc1zcqKAImBDzukY7Y5F/yQiNdko6+fRLevlw1HgMySw7f611UIY408EtxRSoK3Q==",
      "dev": true,
      "requires": {
        "js-tokens": "^3.0.0 || ^4.0.0"
      }
    },
    "lz-string": {
      "version": "1.4.4",
      "resolved": "https://registry.npmjs.org/lz-string/-/lz-string-1.4.4.tgz",
      "integrity": "sha1-wNjq82BZ9wV5bh40SBHPTEmNOiY=",
      "dev": true
    },
    "moment": {
      "version": "2.29.1",
      "resolved": "https://registry.npmjs.org/moment/-/moment-2.29.1.tgz",
      "integrity": "sha512-kHmoybcPV8Sqy59DwNDY3Jefr64lK/by/da0ViFcuA4DH0vQg5Q6Ze5VimxkfQNSC+Mls/Kx53s7TjP1RhFEDQ=="
    },
    "object-assign": {
      "version": "4.1.1",
      "resolved": "https://registry.npmjs.org/object-assign/-/object-assign-4.1.1.tgz",
      "integrity": "sha1-IQmtx5ZYh8/AXLvUQsrIv7s2CGM=",
      "dev": true
    },
    "polished": {
      "version": "4.0.3",
      "resolved": "https://registry.npmjs.org/polished/-/polished-4.0.3.tgz",
      "integrity": "sha512-yOALHMrqcYHlHIxFkHvGX8NGsjsbSaYMZ8Z3uEElVpzF5ZgNmTgqMOh4bnSVXGC6sXjBTZCH6+GebTRWhJR4zQ==",
      "requires": {
        "@babel/runtime": "^7.12.0"
      }
    },
    "popmotion": {
      "version": "9.0.0-rc.20",
      "resolved": "https://registry.npmjs.org/popmotion/-/popmotion-9.0.0-rc.20.tgz",
      "integrity": "sha512-f98sny03WuA+c8ckBjNNXotJD4G2utG/I3Q23NU69OEafrXtxxSukAaJBxzbtxwDvz3vtZK69pu9ojdkMoBNTg==",
      "requires": {
        "framesync": "^4.1.0",
        "hey-listen": "^1.0.8",
        "style-value-types": "^3.1.9",
        "tslib": "^1.10.0"
      }
    },
    "pretty-format": {
      "version": "26.6.2",
      "resolved": "https://registry.npmjs.org/pretty-format/-/pretty-format-26.6.2.tgz",
      "integrity": "sha512-7AeGuCYNGmycyQbCqd/3PWH4eOoX/OiCa0uphp57NVTeAGdJGaAliecxwBDHYQCIvrW7aDBZCYeNTP/WX69mkg==",
      "dev": true,
      "requires": {
        "@jest/types": "^26.6.2",
        "ansi-regex": "^5.0.0",
        "ansi-styles": "^4.0.0",
        "react-is": "^17.0.1"
      },
      "dependencies": {
        "ansi-styles": {
          "version": "4.3.0",
          "resolved": "https://registry.npmjs.org/ansi-styles/-/ansi-styles-4.3.0.tgz",
          "integrity": "sha512-zbB9rCJAT1rbjiVDb2hqKFHNYLxgtk8NURxZ3IZwD3F6NtxbXZQCnnSi1Lkx+IDohdPlFp222wVALIheZJQSEg==",
          "dev": true,
          "requires": {
            "color-convert": "^2.0.1"
          }
        },
        "color-convert": {
          "version": "2.0.1",
          "resolved": "https://registry.npmjs.org/color-convert/-/color-convert-2.0.1.tgz",
          "integrity": "sha512-RRECPsj7iu/xb5oKYcsFHSppFNnsj/52OVTRKb4zP5onXwVF3zVmmToNcOfGC+CRDpfK/U584fMg38ZHCaElKQ==",
          "dev": true,
          "requires": {
            "color-name": "~1.1.4"
          }
        },
        "color-name": {
          "version": "1.1.4",
          "resolved": "https://registry.npmjs.org/color-name/-/color-name-1.1.4.tgz",
          "integrity": "sha512-dOy+3AuW3a2wNbZHIuMZpTcgjGuLU/uBL/ubcZF9OXbDo8ff4O8yVp5Bf0efS8uEoYo5q4Fx7dY9OgQGXgAsQA==",
          "dev": true
        }
      }
    },
    "react": {
      "version": "17.0.1",
      "resolved": "https://registry.npmjs.org/react/-/react-17.0.1.tgz",
      "integrity": "sha512-lG9c9UuMHdcAexXtigOZLX8exLWkW0Ku29qPRU8uhF2R9BN96dLCt0psvzPLlHc5OWkgymP3qwTRgbnw5BKx3w==",
      "dev": true,
      "requires": {
        "loose-envify": "^1.1.0",
        "object-assign": "^4.1.1"
      }
    },
    "react-dom": {
      "version": "17.0.1",
      "resolved": "https://registry.npmjs.org/react-dom/-/react-dom-17.0.1.tgz",
      "integrity": "sha512-6eV150oJZ9U2t9svnsspTMrWNyHc6chX0KzDeAOXftRa8bNeOKTTfCJ7KorIwenkHd2xqVTBTCZd79yk/lx/Ug==",
      "dev": true,
      "requires": {
        "loose-envify": "^1.1.0",
        "object-assign": "^4.1.1",
        "scheduler": "^0.20.1"
      }
    },
    "react-is": {
      "version": "17.0.1",
      "resolved": "https://registry.npmjs.org/react-is/-/react-is-17.0.1.tgz",
      "integrity": "sha512-NAnt2iGDXohE5LI7uBnLnqvLQMtzhkiAOLXTmv+qnF9Ky7xAPcX8Up/xWIhxvLVGJvuLiNc4xQLtuqDRzb4fSA==",
      "dev": true
    },
    "react-shallow-renderer": {
      "version": "16.14.1",
      "resolved": "https://registry.npmjs.org/react-shallow-renderer/-/react-shallow-renderer-16.14.1.tgz",
      "integrity": "sha512-rkIMcQi01/+kxiTE9D3fdS959U1g7gs+/rborw++42m1O9FAQiNI/UNRZExVUoAOprn4umcXf+pFRou8i4zuBg==",
      "dev": true,
      "requires": {
        "object-assign": "^4.1.1",
        "react-is": "^16.12.0 || ^17.0.0"
      }
    },
    "react-slick": {
      "version": "0.27.13",
      "resolved": "https://registry.npmjs.org/react-slick/-/react-slick-0.27.13.tgz",
      "integrity": "sha512-ZR6rjZEgvU5S/H3YCZtafvxouhwOnfx/FKEXCQJYVnw+DF5WbNhC3vorKhBJ1ebn3bKwnVeM6vBzGD5Oz/LAdQ==",
      "requires": {
        "classnames": "^2.2.5",
        "enquire.js": "^2.1.6",
        "json2mq": "^0.2.0",
        "lodash.debounce": "^4.0.8",
        "resize-observer-polyfill": "^1.5.0"
      }
    },
    "react-test-renderer": {
      "version": "17.0.1",
      "resolved": "https://registry.npmjs.org/react-test-renderer/-/react-test-renderer-17.0.1.tgz",
      "integrity": "sha512-/dRae3mj6aObwkjCcxZPlxDFh73XZLgvwhhyON2haZGUEhiaY5EjfAdw+d/rQmlcFwdTpMXCSGVk374QbCTlrA==",
      "dev": true,
      "requires": {
        "object-assign": "^4.1.1",
        "react-is": "^17.0.1",
        "react-shallow-renderer": "^16.13.1",
        "scheduler": "^0.20.1"
      }
    },
    "regenerator-runtime": {
      "version": "0.13.7",
      "resolved": "https://registry.npmjs.org/regenerator-runtime/-/regenerator-runtime-0.13.7.tgz",
      "integrity": "sha512-a54FxoJDIr27pgf7IgeQGxmqUNYrcV338lf/6gH456HZ/PhX+5BcwHXG9ajESmwe6WRO0tAzRUrRmNONWgkrew=="
    },
    "resize-observer-polyfill": {
      "version": "1.5.1",
      "resolved": "https://registry.npmjs.org/resize-observer-polyfill/-/resize-observer-polyfill-1.5.1.tgz",
      "integrity": "sha512-LwZrotdHOo12nQuZlHEmtuXdqGoOD0OhaxopaNFxWzInpEgaLWoVuAMbTzixuosCx2nEG58ngzW3vxdWoxIgdg=="
    },
    "scheduler": {
      "version": "0.20.1",
      "resolved": "https://registry.npmjs.org/scheduler/-/scheduler-0.20.1.tgz",
      "integrity": "sha512-LKTe+2xNJBNxu/QhHvDR14wUXHRQbVY5ZOYpOGWRzhydZUqrLb2JBvLPY7cAqFmqrWuDED0Mjk7013SZiOz6Bw==",
      "dev": true,
      "requires": {
        "loose-envify": "^1.1.0",
        "object-assign": "^4.1.1"
      }
    },
    "string-convert": {
      "version": "0.2.1",
      "resolved": "https://registry.npmjs.org/string-convert/-/string-convert-0.2.1.tgz",
      "integrity": "sha1-aYLMMEn7tM2F+LJFaLnZvznu/5c="
    },
    "style-value-types": {
      "version": "3.1.9",
      "resolved": "https://registry.npmjs.org/style-value-types/-/style-value-types-3.1.9.tgz",
      "integrity": "sha512-050uqgB7WdvtgacoQKm+4EgKzJExVq0sieKBQQtJiU3Muh6MYcCp4T3M8+dfl6VOF2LR0NNwXBP1QYEed8DfIw==",
      "requires": {
        "hey-listen": "^1.0.8",
        "tslib": "^1.10.0"
      }
    },
    "supports-color": {
      "version": "5.5.0",
      "resolved": "https://registry.npmjs.org/supports-color/-/supports-color-5.5.0.tgz",
      "integrity": "sha512-QjVjwdXIt408MIiAqCX4oUKsgU2EqAGzs2Ppkm4aQYbjm+ZEWEcW4SfFNTr4uMNZma0ey4f5lgLrkB0aX0QMow==",
      "dev": true,
      "requires": {
        "has-flag": "^3.0.0"
      }
    },
    "tslib": {
      "version": "1.14.1",
      "resolved": "https://registry.npmjs.org/tslib/-/tslib-1.14.1.tgz",
      "integrity": "sha512-Xni35NKzjgMrwevysHTCArtLDpPvye8zV/0E4EyYn43P7/7qvQwPh9BGkHewbMulVntbigmcT7rdX3BNo9wRJg=="
    },
    "typescript": {
      "version": "4.1.2",
      "resolved": "https://registry.npmjs.org/typescript/-/typescript-4.1.2.tgz",
      "integrity": "sha512-thGloWsGH3SOxv1SoY7QojKi0tc+8FnOmiarEGMbd/lar7QOEd3hvlx3Fp5y6FlDUGl9L+pd4n2e+oToGMmhRQ==",
      "dev": true
    },
    "use-debounce": {
      "version": "5.1.0",
      "resolved": "https://registry.npmjs.org/use-debounce/-/use-debounce-5.1.0.tgz",
      "integrity": "sha512-fU7O7iel2bA19fxSiPfRkieVGxrow503phSUAGZ/EqiJtCPrU9AdUdrKOAdgh803IrjdIzhj+8eDsDGn4OPy8g=="
    }
  }
}
