{
	"name": "@t3n/components",
	"version": "0.0.13",
	"lockfileVersion": 1,
	"requires": true,
	"dependencies": {
		"@babel/helper-module-imports": {
			"version": "7.0.0",
			"resolved": "https://registry.npmjs.org/@babel/helper-module-imports/-/helper-module-imports-7.0.0.tgz",
			"integrity": "sha512-aP/hlLq01DWNEiDg4Jn23i+CXxW/owM4WpDLFUbpjxe4NS3BhLVZQ5i7E0ZrxuQ/vwekIeciyamgB1UIYxxM6A==",
			"requires": {
				"@babel/types": "^7.0.0"
			}
		},
		"@babel/runtime": {
			"version": "7.5.5",
			"resolved": "https://registry.npmjs.org/@babel/runtime/-/runtime-7.5.5.tgz",
			"integrity": "sha512-28QvEGyQyNkB0/m2B4FU7IEZGK2NUrcMtT6BZEFALTguLk+AUT6ofsHtPk5QyjAdUkpMJ+/Em+quwz4HOt30AQ==",
			"requires": {
				"regenerator-runtime": "^0.13.2"
			}
		},
		"@babel/types": {
			"version": "7.5.5",
			"resolved": "https://registry.npmjs.org/@babel/types/-/types-7.5.5.tgz",
			"integrity": "sha512-s63F9nJioLqOlW3UkyMd+BYhXt44YuaFm/VV0VwuteqjYwRrObkU7ra9pY4wAJR3oXi8hJrMcrcJdO/HH33vtw==",
			"requires": {
				"esutils": "^2.0.2",
				"lodash": "^4.17.13",
				"to-fast-properties": "^2.0.0"
			}
		},
		"@emotion/cache": {
			"version": "10.0.15",
			"resolved": "https://registry.npmjs.org/@emotion/cache/-/cache-10.0.15.tgz",
			"integrity": "sha512-8VthgeKhlGeTXSW1JN7I14AnAaiFPbOrqNqg3dPoGCZ3bnMjkrmRU0zrx0BtBw9esBaPaQgDB9y0tVgAGT2Mrg==",
			"requires": {
				"@emotion/sheet": "0.9.3",
				"@emotion/stylis": "0.8.4",
				"@emotion/utils": "0.11.2",
				"@emotion/weak-memoize": "0.2.3"
			}
		},
		"@emotion/core": {
			"version": "10.0.16",
			"resolved": "https://registry.npmjs.org/@emotion/core/-/core-10.0.16.tgz",
			"integrity": "sha512-whbiiA7FfPreBY4BqWky2qRfAZvq+4dKQ1WNJuiYQwPCNmb0pEYDgNheSbZoNKtGTtfPaM28hBbZAKWD5EZXmQ==",
			"requires": {
				"@babel/runtime": "^7.4.3",
				"@emotion/cache": "^10.0.15",
				"@emotion/css": "^10.0.14",
				"@emotion/serialize": "^0.11.9",
				"@emotion/sheet": "0.9.3",
				"@emotion/utils": "0.11.2"
			}
		},
		"@emotion/css": {
			"version": "10.0.14",
			"resolved": "https://registry.npmjs.org/@emotion/css/-/css-10.0.14.tgz",
			"integrity": "sha512-MozgPkBEWvorcdpqHZE5x1D/PLEHUitALQCQYt2wayf4UNhpgQs2tN0UwHYS4FMy5ROBH+0ALyCFVYJ/ywmwlg==",
			"requires": {
				"@emotion/serialize": "^0.11.8",
				"@emotion/utils": "0.11.2",
				"babel-plugin-emotion": "^10.0.14"
			}
		},
		"@emotion/hash": {
			"version": "0.7.2",
			"resolved": "https://registry.npmjs.org/@emotion/hash/-/hash-0.7.2.tgz",
			"integrity": "sha512-RMtr1i6E8MXaBWwhXL3yeOU8JXRnz8GNxHvaUfVvwxokvayUY0zoBeWbKw1S9XkufmGEEdQd228pSZXFkAln8Q=="
		},
		"@emotion/memoize": {
			"version": "0.7.2",
			"resolved": "https://registry.npmjs.org/@emotion/memoize/-/memoize-0.7.2.tgz",
			"integrity": "sha512-hnHhwQzvPCW1QjBWFyBtsETdllOM92BfrKWbUTmh9aeOlcVOiXvlPsK4104xH8NsaKfg86PTFsWkueQeUfMA/w=="
		},
		"@emotion/serialize": {
			"version": "0.11.9",
			"resolved": "https://registry.npmjs.org/@emotion/serialize/-/serialize-0.11.9.tgz",
			"integrity": "sha512-/Cn4V81z3ZyFiDQRw8nhGFaHkxHtmCSSBUit4vgTuLA1BqxfJUYiqSq97tq/vV8z9LfIoqs6a9v6QrUFWZpK7A==",
			"requires": {
				"@emotion/hash": "0.7.2",
				"@emotion/memoize": "0.7.2",
				"@emotion/unitless": "0.7.4",
				"@emotion/utils": "0.11.2",
				"csstype": "^2.5.7"
			}
		},
		"@emotion/sheet": {
			"version": "0.9.3",
			"resolved": "https://registry.npmjs.org/@emotion/sheet/-/sheet-0.9.3.tgz",
			"integrity": "sha512-c3Q6V7Df7jfwSq5AzQWbXHa5soeE4F5cbqi40xn0CzXxWW9/6Mxq48WJEtqfWzbZtW9odZdnRAkwCQwN12ob4A=="
		},
		"@emotion/stylis": {
			"version": "0.8.4",
			"resolved": "https://registry.npmjs.org/@emotion/stylis/-/stylis-0.8.4.tgz",
			"integrity": "sha512-TLmkCVm8f8gH0oLv+HWKiu7e8xmBIaokhxcEKPh1m8pXiV/akCiq50FvYgOwY42rjejck8nsdQxZlXZ7pmyBUQ=="
		},
		"@emotion/unitless": {
			"version": "0.7.4",
			"resolved": "https://registry.npmjs.org/@emotion/unitless/-/unitless-0.7.4.tgz",
			"integrity": "sha512-kBa+cDHOR9jpRJ+kcGMsysrls0leukrm68DmFQoMIWQcXdr2cZvyvypWuGYT7U+9kAExUE7+T7r6G3C3A6L8MQ=="
		},
		"@emotion/utils": {
			"version": "0.11.2",
			"resolved": "https://registry.npmjs.org/@emotion/utils/-/utils-0.11.2.tgz",
			"integrity": "sha512-UHX2XklLl3sIaP6oiMmlVzT0J+2ATTVpf0dHQVyPJHTkOITvXfaSqnRk6mdDhV9pR8T/tHc3cex78IKXssmzrA=="
		},
		"@emotion/weak-memoize": {
			"version": "0.2.3",
			"resolved": "https://registry.npmjs.org/@emotion/weak-memoize/-/weak-memoize-0.2.3.tgz",
			"integrity": "sha512-zVgvPwGK7c1aVdUVc9Qv7SqepOGRDrqCw7KZPSZziWGxSlbII3gmvGLPzLX4d0n0BMbamBacUrN22zOMyFFEkQ=="
		},
		"@jest/types": {
			"version": "24.8.0",
			"resolved": "https://registry.npmjs.org/@jest/types/-/types-24.8.0.tgz",
			"integrity": "sha512-g17UxVr2YfBtaMUxn9u/4+siG1ptg9IGYAYwvpwn61nBg779RXnjE/m7CxYcIzEt0AbHZZAHSEZNhkE2WxURVg==",
			"dev": true,
			"requires": {
				"@types/istanbul-lib-coverage": "^2.0.0",
				"@types/istanbul-reports": "^1.1.1",
				"@types/yargs": "^12.0.9"
			}
		},
		"@sheerun/mutationobserver-shim": {
			"version": "0.3.2",
			"resolved": "https://registry.npmjs.org/@sheerun/mutationobserver-shim/-/mutationobserver-shim-0.3.2.tgz",
			"integrity": "sha512-vTCdPp/T/Q3oSqwHmZ5Kpa9oI7iLtGl3RQaA/NyLHikvcrPxACkkKVr/XzkSPJWXHRhKGzVvb0urJsbMlRxi1Q==",
			"dev": true
		},
		"@testing-library/dom": {
			"version": "6.0.0",
			"resolved": "https://registry.npmjs.org/@testing-library/dom/-/dom-6.0.0.tgz",
			"integrity": "sha512-B5XTz3uMsbqbdR9CZlnwpZjTE3fCWuqRkz/zvDc2Ej/vuHmTM0Ur2v0XPwr7usWfGIBsahEK5HL1E91+4IFiBg==",
			"dev": true,
			"requires": {
				"@babel/runtime": "^7.5.5",
				"@sheerun/mutationobserver-shim": "^0.3.2",
				"aria-query": "3.0.0",
				"pretty-format": "^24.8.0",
				"wait-for-expect": "^1.3.0"
			}
		},
		"@testing-library/react": {
			"version": "9.1.1",
			"resolved": "https://registry.npmjs.org/@testing-library/react/-/react-9.1.1.tgz",
			"integrity": "sha512-mjX9l/onA5eVe8/4/obe7ZAw05U8s+kinXVglySVOMJo/oCSam9D9Dcg+aYVGsuBEuYV2W9m2LTP4KbNZh8BOw==",
			"dev": true,
			"requires": {
				"@babel/runtime": "^7.5.5",
				"@testing-library/dom": "^6.0.0",
				"@types/react-dom": "*"
			}
		},
		"@types/istanbul-lib-coverage": {
			"version": "2.0.1",
			"resolved": "https://registry.npmjs.org/@types/istanbul-lib-coverage/-/istanbul-lib-coverage-2.0.1.tgz",
			"integrity": "sha512-hRJD2ahnnpLgsj6KWMYSrmXkM3rm2Dl1qkx6IOFD5FnuNPXJIG5L0dhgKXCYTRMGzU4n0wImQ/xfmRc4POUFlg==",
			"dev": true
		},
		"@types/istanbul-lib-report": {
			"version": "1.1.1",
			"resolved": "https://registry.npmjs.org/@types/istanbul-lib-report/-/istanbul-lib-report-1.1.1.tgz",
			"integrity": "sha512-3BUTyMzbZa2DtDI2BkERNC6jJw2Mr2Y0oGI7mRxYNBPxppbtEK1F66u3bKwU2g+wxwWI7PAoRpJnOY1grJqzHg==",
			"dev": true,
			"requires": {
				"@types/istanbul-lib-coverage": "*"
			}
		},
		"@types/istanbul-reports": {
			"version": "1.1.1",
			"resolved": "https://registry.npmjs.org/@types/istanbul-reports/-/istanbul-reports-1.1.1.tgz",
			"integrity": "sha512-UpYjBi8xefVChsCoBpKShdxTllC9pwISirfoZsUa2AAdQg/Jd2KQGtSbw+ya7GPo7x/wAPlH6JBhKhAsXUEZNA==",
			"dev": true,
			"requires": {
				"@types/istanbul-lib-coverage": "*",
				"@types/istanbul-lib-report": "*"
			}
		},
		"@types/prop-types": {
			"version": "15.7.1",
			"resolved": "https://registry.npmjs.org/@types/prop-types/-/prop-types-15.7.1.tgz",
			"integrity": "sha512-CFzn9idOEpHrgdw8JsoTkaDDyRWk1jrzIV8djzcgpq0y9tG4B4lFT+Nxh52DVpDXV+n4+NPNv7M1Dj5uMp6XFg==",
			"dev": true
		},
		"@types/react": {
			"version": "16.9.1",
			"resolved": "https://registry.npmjs.org/@types/react/-/react-16.9.1.tgz",
			"integrity": "sha512-jGM2x8F7m7/r+81N/BOaUKVwbC5Cdw6ExlWEUpr77XPwVeNvAppnPEnMMLMfxRDYL8FPEX8MHjwtD2NQMJ0yyQ==",
			"dev": true,
			"requires": {
				"@types/prop-types": "*",
				"csstype": "^2.2.0"
			}
		},
		"@types/react-dom": {
			"version": "16.8.5",
			"resolved": "https://registry.npmjs.org/@types/react-dom/-/react-dom-16.8.5.tgz",
			"integrity": "sha512-idCEjROZ2cqh29+trmTmZhsBAUNQuYrF92JHKzZ5+aiFM1mlSk3bb23CK7HhYuOY75Apgap5y2jTyHzaM2AJGA==",
			"dev": true,
			"requires": {
				"@types/react": "*"
			}
		},
		"@types/yargs": {
			"version": "12.0.12",
			"resolved": "https://registry.npmjs.org/@types/yargs/-/yargs-12.0.12.tgz",
			"integrity": "sha512-SOhuU4wNBxhhTHxYaiG5NY4HBhDIDnJF60GU+2LqHAdKKer86//e4yg69aENCtQ04n0ovz+tq2YPME5t5yp4pw==",
			"dev": true
		},
		"ansi-regex": {
			"version": "4.1.0",
			"resolved": "https://registry.npmjs.org/ansi-regex/-/ansi-regex-4.1.0.tgz",
			"integrity": "sha512-1apePfXM1UOSqw0o9IiFAovVz9M5S1Dg+4TrDwfMewQ6p/rmMueb7tWZjQ1rx4Loy1ArBggoqGpfqqdI4rondg==",
			"dev": true
		},
		"ansi-styles": {
			"version": "3.2.1",
			"resolved": "https://registry.npmjs.org/ansi-styles/-/ansi-styles-3.2.1.tgz",
			"integrity": "sha512-VT0ZI6kZRdTh8YyJw3SMbYm/u+NqfsAxEpWO0Pf9sq8/e94WxxOpPKx9FR1FlyCtOVDNOQ+8ntlqFxiRc+r5qA==",
			"dev": true,
			"requires": {
				"color-convert": "^1.9.0"
			}
		},
		"argparse": {
			"version": "1.0.10",
			"resolved": "https://registry.npmjs.org/argparse/-/argparse-1.0.10.tgz",
			"integrity": "sha512-o5Roy6tNG4SL/FOkCAN6RzjiakZS25RLYFrcMttJqbdd8BWrnA+fGz57iN5Pb06pvBGvl5gQ0B48dJlslXvoTg==",
			"requires": {
				"sprintf-js": "~1.0.2"
			}
		},
		"aria-query": {
			"version": "3.0.0",
			"resolved": "https://registry.npmjs.org/aria-query/-/aria-query-3.0.0.tgz",
			"integrity": "sha1-ZbP8wcoRVajJrmTW7uKX8V1RM8w=",
			"dev": true,
			"requires": {
				"ast-types-flow": "0.0.7",
				"commander": "^2.11.0"
			}
		},
		"ast-types-flow": {
			"version": "0.0.7",
			"resolved": "https://registry.npmjs.org/ast-types-flow/-/ast-types-flow-0.0.7.tgz",
			"integrity": "sha1-9wtzXGvKGlycItmCw+Oef+ujva0=",
			"dev": true
		},
		"babel-plugin-emotion": {
			"version": "10.0.16",
			"resolved": "https://registry.npmjs.org/babel-plugin-emotion/-/babel-plugin-emotion-10.0.16.tgz",
			"integrity": "sha512-a01Xrourr/VRpw4KicX9drDwfVGHmw8HmlQk++N4fv0j73EfHKWC1Ah4Vu8s1cTGVvTiwum+UhVpJenV8j03FQ==",
			"requires": {
				"@babel/helper-module-imports": "^7.0.0",
				"@emotion/hash": "0.7.2",
				"@emotion/memoize": "0.7.2",
				"@emotion/serialize": "^0.11.9",
				"babel-plugin-macros": "^2.0.0",
				"babel-plugin-syntax-jsx": "^6.18.0",
				"convert-source-map": "^1.5.0",
				"escape-string-regexp": "^1.0.5",
				"find-root": "^1.1.0",
				"source-map": "^0.5.7"
			}
		},
		"babel-plugin-macros": {
			"version": "2.6.1",
			"resolved": "https://registry.npmjs.org/babel-plugin-macros/-/babel-plugin-macros-2.6.1.tgz",
			"integrity": "sha512-6W2nwiXme6j1n2erPOnmRiWfObUhWH7Qw1LMi9XZy8cj+KtESu3T6asZvtk5bMQQjX8te35o7CFueiSdL/2NmQ==",
			"requires": {
				"@babel/runtime": "^7.4.2",
				"cosmiconfig": "^5.2.0",
				"resolve": "^1.10.0"
			}
		},
		"babel-plugin-syntax-jsx": {
			"version": "6.18.0",
			"resolved": "https://registry.npmjs.org/babel-plugin-syntax-jsx/-/babel-plugin-syntax-jsx-6.18.0.tgz",
			"integrity": "sha1-CvMqmm4Tyno/1QaeYtew9Y0NiUY="
		},
		"caller-callsite": {
			"version": "2.0.0",
			"resolved": "https://registry.npmjs.org/caller-callsite/-/caller-callsite-2.0.0.tgz",
			"integrity": "sha1-hH4PzgoiN1CpoCfFSzNzGtMVQTQ=",
			"requires": {
				"callsites": "^2.0.0"
			}
		},
		"caller-path": {
			"version": "2.0.0",
			"resolved": "https://registry.npmjs.org/caller-path/-/caller-path-2.0.0.tgz",
			"integrity": "sha1-Ro+DBE42mrIBD6xfBs7uFbsssfQ=",
			"requires": {
				"caller-callsite": "^2.0.0"
			}
		},
		"callsites": {
			"version": "2.0.0",
			"resolved": "https://registry.npmjs.org/callsites/-/callsites-2.0.0.tgz",
			"integrity": "sha1-BuuE8A7qQT2oav/vrL/7Ngk7PFA="
		},
		"color-convert": {
			"version": "1.9.3",
			"resolved": "https://registry.npmjs.org/color-convert/-/color-convert-1.9.3.tgz",
			"integrity": "sha512-QfAUtd+vFdAtFQcC8CCyYt1fYWxSqAiK2cSD6zDB8N3cpsEBAvRxp9zOGg6G/SHHJYAT88/az/IuDGALsNVbGg==",
			"dev": true,
			"requires": {
				"color-name": "1.1.3"
			}
		},
		"color-name": {
			"version": "1.1.3",
			"resolved": "https://registry.npmjs.org/color-name/-/color-name-1.1.3.tgz",
			"integrity": "sha1-p9BVi9icQveV3UIyj3QIMcpTvCU=",
			"dev": true
		},
		"commander": {
			"version": "2.20.0",
			"resolved": "https://registry.npmjs.org/commander/-/commander-2.20.0.tgz",
			"integrity": "sha512-7j2y+40w61zy6YC2iRNpUe/NwhNyoXrYpHMrSunaMG64nRnaf96zO/KMQR4OyN/UnE5KLyEBnKHd4aG3rskjpQ==",
			"dev": true
		},
		"convert-source-map": {
			"version": "1.6.0",
			"resolved": "https://registry.npmjs.org/convert-source-map/-/convert-source-map-1.6.0.tgz",
			"integrity": "sha512-eFu7XigvxdZ1ETfbgPBohgyQ/Z++C0eEhTor0qRwBw9unw+L0/6V8wkSuGgzdThkiS5lSpdptOQPD8Ak40a+7A==",
			"requires": {
				"safe-buffer": "~5.1.1"
			}
		},
		"cosmiconfig": {
			"version": "5.2.1",
			"resolved": "https://registry.npmjs.org/cosmiconfig/-/cosmiconfig-5.2.1.tgz",
			"integrity": "sha512-H65gsXo1SKjf8zmrJ67eJk8aIRKV5ff2D4uKZIBZShbhGSpEmsQOPW/SKMKYhSTrqR7ufy6RP69rPogdaPh/kA==",
			"requires": {
				"import-fresh": "^2.0.0",
				"is-directory": "^0.3.1",
				"js-yaml": "^3.13.1",
				"parse-json": "^4.0.0"
			}
		},
		"csstype": {
			"version": "2.6.6",
			"resolved": "https://registry.npmjs.org/csstype/-/csstype-2.6.6.tgz",
			"integrity": "sha512-RpFbQGUE74iyPgvr46U9t1xoQBM8T4BL8SxrN66Le2xYAPSaDJJKeztV3awugusb3g3G9iL8StmkBBXhcbbXhg=="
		},
		"error-ex": {
			"version": "1.3.2",
			"resolved": "https://registry.npmjs.org/error-ex/-/error-ex-1.3.2.tgz",
			"integrity": "sha512-7dFHNmqeFSEt2ZBsCriorKnn3Z2pj+fd9kmI6QoWw4//DL+icEBfc0U7qJCisqrTsKTjw4fNFy2pW9OqStD84g==",
			"requires": {
				"is-arrayish": "^0.2.1"
			}
		},
		"escape-string-regexp": {
			"version": "1.0.5",
			"resolved": "https://registry.npmjs.org/escape-string-regexp/-/escape-string-regexp-1.0.5.tgz",
			"integrity": "sha1-G2HAViGQqN/2rjuyzwIAyhMLhtQ="
		},
		"esprima": {
			"version": "4.0.1",
			"resolved": "https://registry.npmjs.org/esprima/-/esprima-4.0.1.tgz",
			"integrity": "sha512-eGuFFw7Upda+g4p+QHvnW0RyTX/SVeJBDM/gCtMARO0cLuT2HcEKnTPvhjV6aGeqrCB/sbNop0Kszm0jsaWU4A=="
		},
		"esutils": {
			"version": "2.0.3",
			"resolved": "https://registry.npmjs.org/esutils/-/esutils-2.0.3.tgz",
			"integrity": "sha512-kVscqXk4OCp68SZ0dkgEKVi6/8ij300KBWTJq32P/dYeWTSwK41WyTxalN1eRmA5Z9UU/LX9D7FWSmV9SAYx6g=="
		},
		"find-root": {
			"version": "1.1.0",
			"resolved": "https://registry.npmjs.org/find-root/-/find-root-1.1.0.tgz",
			"integrity": "sha512-NKfW6bec6GfKc0SGx1e07QZY9PE99u0Bft/0rzSD5k3sO/vwkVUpDUKVm5Gpp5Ue3YfShPFTX2070tDs5kB9Ng=="
		},
		"import-fresh": {
			"version": "2.0.0",
			"resolved": "https://registry.npmjs.org/import-fresh/-/import-fresh-2.0.0.tgz",
			"integrity": "sha1-2BNVwVYS04bGH53dOSLUMEgipUY=",
			"requires": {
				"caller-path": "^2.0.0",
				"resolve-from": "^3.0.0"
			}
		},
		"is-arrayish": {
			"version": "0.2.1",
			"resolved": "https://registry.npmjs.org/is-arrayish/-/is-arrayish-0.2.1.tgz",
			"integrity": "sha1-d8mYQFJ6qOyxqLppe4BkWnqSap0="
		},
		"is-directory": {
			"version": "0.3.1",
			"resolved": "https://registry.npmjs.org/is-directory/-/is-directory-0.3.1.tgz",
			"integrity": "sha1-YTObbyR1/Hcv2cnYP1yFddwVSuE="
		},
		"js-yaml": {
			"version": "3.13.1",
			"resolved": "https://registry.npmjs.org/js-yaml/-/js-yaml-3.13.1.tgz",
			"integrity": "sha512-YfbcO7jXDdyj0DGxYVSlSeQNHbD7XPWvrVWeVUujrQEoZzWJIRrCPoyk6kL6IAjAG2IolMK4T0hNUe0HOUs5Jw==",
			"requires": {
				"argparse": "^1.0.7",
				"esprima": "^4.0.0"
			}
		},
		"json-parse-better-errors": {
			"version": "1.0.2",
			"resolved": "https://registry.npmjs.org/json-parse-better-errors/-/json-parse-better-errors-1.0.2.tgz",
			"integrity": "sha512-mrqyZKfX5EhL7hvqcV6WG1yYjnjeuYDzDhhcAAUrq8Po85NBQBJP+ZDUT75qZQ98IkUoBqdkExkukOU7Ts2wrw=="
		},
		"lodash": {
			"version": "4.17.15",
			"resolved": "https://registry.npmjs.org/lodash/-/lodash-4.17.15.tgz",
			"integrity": "sha512-8xOcRHvCjnocdS5cpwXQXVzmmh5e5+saE2QGoeQmbKmRS6J3VQppPOIt0MnmE+4xlZoumy0GPG0D0MVIQbNA1A=="
		},
		"parse-json": {
			"version": "4.0.0",
			"resolved": "https://registry.npmjs.org/parse-json/-/parse-json-4.0.0.tgz",
			"integrity": "sha1-vjX1Qlvh9/bHRxhPmKeIy5lHfuA=",
			"requires": {
				"error-ex": "^1.3.1",
				"json-parse-better-errors": "^1.0.1"
			}
		},
		"path-parse": {
			"version": "1.0.6",
			"resolved": "https://registry.npmjs.org/path-parse/-/path-parse-1.0.6.tgz",
			"integrity": "sha512-GSmOT2EbHrINBf9SR7CDELwlJ8AENk3Qn7OikK4nFYAu3Ote2+JYNVvkpAEQm3/TLNEJFD/xZJjzyxg3KBWOzw=="
		},
		"pretty-format": {
			"version": "24.8.0",
			"resolved": "https://registry.npmjs.org/pretty-format/-/pretty-format-24.8.0.tgz",
			"integrity": "sha512-P952T7dkrDEplsR+TuY7q3VXDae5Sr7zmQb12JU/NDQa/3CH7/QW0yvqLcGN6jL+zQFKaoJcPc+yJxMTGmosqw==",
			"dev": true,
			"requires": {
				"@jest/types": "^24.8.0",
				"ansi-regex": "^4.0.0",
				"ansi-styles": "^3.2.0",
				"react-is": "^16.8.4"
			}
		},
		"react-is": {
			"version": "16.9.0",
			"resolved": "https://registry.npmjs.org/react-is/-/react-is-16.9.0.tgz",
			"integrity": "sha512-tJBzzzIgnnRfEm046qRcURvwQnZVXmuCbscxUO5RWrGTXpon2d4c8mI0D8WE6ydVIm29JiLB6+RslkIvym9Rjw==",
			"dev": true
		},
		"react-spinners": {
			"version": "0.6.0",
			"resolved": "https://registry.npmjs.org/react-spinners/-/react-spinners-0.6.0.tgz",
			"integrity": "sha512-Dn+tWCmNrotRcBBv09CgRH12GtAEhp4wB2gdkwTcKMVzODDhxm9bN5lzRJ6Zo0inriwPpUbdj0vPCWYNUUS86w==",
			"requires": {
				"@emotion/core": "^10.0.15"
			}
		},
		"regenerator-runtime": {
			"version": "0.13.3",
			"resolved": "https://registry.npmjs.org/regenerator-runtime/-/regenerator-runtime-0.13.3.tgz",
			"integrity": "sha512-naKIZz2GQ8JWh///G7L3X6LaQUAMp2lvb1rvwwsURe/VXwD6VMfr+/1NuNw3ag8v2kY1aQ/go5SNn79O9JU7yw=="
		},
		"resolve": {
			"version": "1.12.0",
			"resolved": "https://registry.npmjs.org/resolve/-/resolve-1.12.0.tgz",
			"integrity": "sha512-B/dOmuoAik5bKcD6s6nXDCjzUKnaDvdkRyAk6rsmsKLipWj4797iothd7jmmUhWTfinVMU+wc56rYKsit2Qy4w==",
			"requires": {
				"path-parse": "^1.0.6"
			}
		},
		"resolve-from": {
			"version": "3.0.0",
			"resolved": "https://registry.npmjs.org/resolve-from/-/resolve-from-3.0.0.tgz",
			"integrity": "sha1-six699nWiBvItuZTM17rywoYh0g="
		},
		"safe-buffer": {
			"version": "5.1.2",
			"resolved": "https://registry.npmjs.org/safe-buffer/-/safe-buffer-5.1.2.tgz",
			"integrity": "sha512-Gd2UZBJDkXlY7GbJxfsE8/nvKkUEU1G38c1siN6QP6a9PT9MmHB8GnpscSmMJSoF8LOIrt8ud/wPtojys4G6+g=="
		},
		"source-map": {
			"version": "0.5.7",
			"resolved": "https://registry.npmjs.org/source-map/-/source-map-0.5.7.tgz",
			"integrity": "sha1-igOdLRAh0i0eoUyA2OpGi6LvP8w="
		},
		"sprintf-js": {
			"version": "1.0.3",
			"resolved": "https://registry.npmjs.org/sprintf-js/-/sprintf-js-1.0.3.tgz",
			"integrity": "sha1-BOaSb2YolTVPPdAVIDYzuFcpfiw="
		},
		"to-fast-properties": {
			"version": "2.0.0",
			"resolved": "https://registry.npmjs.org/to-fast-properties/-/to-fast-properties-2.0.0.tgz",
			"integrity": "sha1-3F5pjL0HkmW8c+A3doGk5Og/YW4="
		},
		"typescript": {
			"version": "3.5.3",
			"resolved": "https://registry.npmjs.org/typescript/-/typescript-3.5.3.tgz",
			"integrity": "sha512-ACzBtm/PhXBDId6a6sDJfroT2pOWt/oOnk4/dElG5G33ZL776N3Y6/6bKZJBFpd+b05F3Ct9qDjMeJmRWtE2/g==",
			"dev": true
		},
		"wait-for-expect": {
			"version": "1.3.0",
			"resolved": "https://registry.npmjs.org/wait-for-expect/-/wait-for-expect-1.3.0.tgz",
			"integrity": "sha512-8fJU7jiA96HfGPt+P/UilelSAZfhMBJ52YhKzlmZQvKEZU2EcD1GQ0yqGB6liLdHjYtYAoGVigYwdxr5rktvzA==",
			"dev": true
		}
	}
}
