{
  "name": "@t3n/storybook",
  "version": "0.1.0",
  "lockfileVersion": 1,
  "requires": true,
  "dependencies": {
    "@types/styled-system": {
      "version": "4.1.0",
      "resolved": "https://registry.npmjs.org/@types/styled-system/-/styled-system-4.1.0.tgz",
      "integrity": "sha512-3TSDL7LbpfGsCv7VZoqnKtHwYJZ/REVT6cfsw5e5vUyB+zymRgrOiJg78XOpXJgd722WrmONi+PYfnyJAMMhdw==",
      "requires": {
        "csstype": "^2.2.0"
      }
    },
    "csstype": {
      "version": "2.6.3",
      "resolved": "https://registry.npmjs.org/csstype/-/csstype-2.6.3.tgz",
      "integrity": "sha512-rINUZXOkcBmoHWEyu7JdHu5JMzkGRoMX4ov9830WNgxf5UYxcBUO0QTKAqeJ5EZfSdlrcJYkC8WwfVW7JYi4yg=="
    }
  }
}
