{
	"name": "@t3n/components",
	"version": "1.0.0",
	"lockfileVersion": 1,
	"requires": true,
	"dependencies": {
		"@types/prop-types": {
			"version": "15.5.9",
			"resolved": "https://registry.npmjs.org/@types/prop-types/-/prop-types-15.5.9.tgz",
			"integrity": "sha512-Nha5b+jmBI271jdTMwrHiNXM+DvThjHOfyZtMX9kj/c/LUj2xiLHsG/1L3tJ8DjAoQN48cHwUwtqBotjyXaSdQ==",
			"dev": true
		},
		"@types/react": {
			"version": "16.8.9",
			"resolved": "https://registry.npmjs.org/@types/react/-/react-16.8.9.tgz",
			"integrity": "sha512-gckHt6IMscIMbmLOcpzyJhNw7vJe/QdZ9gmuaO02xRqlgmMeSz3m+C/SgR8iA9FyJUoYAWq2kBE/HDDpb2FzoA==",
			"dev": true,
			"requires": {
				"@types/prop-types": "*",
				"csstype": "^2.2.0"
			}
		},
		"@types/react-native": {
			"version": "0.57.41",
			"resolved": "https://registry.npmjs.org/@types/react-native/-/react-native-0.57.41.tgz",
			"integrity": "sha512-y7XML8Fbg09sAuPk69WFXmh3x8EQzJ4Ta+lyluOILk40RMsz/w2YJeKr4LHW7x/Th0EPD8OPIG1Ei4rg5gd6Mw==",
			"dev": true,
			"requires": {
				"@types/prop-types": "*",
				"@types/react": "*"
			}
		},
		"@types/styled-components": {
			"version": "4.1.12",
			"resolved": "https://registry.npmjs.org/@types/styled-components/-/styled-components-4.1.12.tgz",
			"integrity": "sha512-Du0bltHm5sWkDnXzYi6cMNhnSKWHQW6//at359DtRJNfjeG1SdtqQPX6jiVtrUkBJ1JsjxqT18DssYBLJ/fg/A==",
			"dev": true,
			"requires": {
				"@types/react": "*",
				"@types/react-native": "*",
				"csstype": "^2.2.0"
			}
		},
		"csstype": {
			"version": "2.6.2",
			"resolved": "https://registry.npmjs.org/csstype/-/csstype-2.6.2.tgz",
			"integrity": "sha512-Rl7PvTae0pflc1YtxtKbiSqq20Ts6vpIYOD5WBafl4y123DyHUeLrRdQP66sQW8/6gmX8jrYJLXwNeMqYVJcow==",
			"dev": true
		}
	}
}
