{
	"name": "@t3n/components",
	"version": "0.1.0",
	"lockfileVersion": 1,
	"requires": true,
	"dependencies": {
		"react-testing-library": {
			"version": "8.0.1",
			"resolved": "https://registry.npmjs.org/react-testing-library/-/react-testing-library-8.0.1.tgz",
			"integrity": "sha512-Gq4JC9r3prA4hYwo7afcbHHMFckO29+5Nrh2KblAEPuK/DWaU0bJE1vtpAgLhzhY9bBirmcgjjIHljHEwGAXKw==",
			"dev": true
		},
		"typescript": {
			"version": "3.5.3",
			"resolved": "https://registry.npmjs.org/typescript/-/typescript-3.5.3.tgz",
			"integrity": "sha512-ACzBtm/PhXBDId6a6sDJfroT2pOWt/oOnk4/dElG5G33ZL776N3Y6/6bKZJBFpd+b05F3Ct9qDjMeJmRWtE2/g==",
			"dev": true
		}
	}
}
