{
	"name": "@t3n/components",
	"version": "0.1.0",
	"lockfileVersion": 1,
	"requires": true,
	"dependencies": {
		"@babel/runtime": {
			"version": "7.5.5",
			"resolved": "https://registry.npmjs.org/@babel/runtime/-/runtime-7.5.5.tgz",
			"integrity": "sha512-28QvEGyQyNkB0/m2B4FU7IEZGK2NUrcMtT6BZEFALTguLk+AUT6ofsHtPk5QyjAdUkpMJ+/Em+quwz4HOt30AQ==",
			"requires": {
				"regenerator-runtime": "^0.13.2"
			}
		},
		"@jest/types": {
			"version": "24.8.0",
			"resolved": "https://registry.npmjs.org/@jest/types/-/types-24.8.0.tgz",
			"integrity": "sha512-g17UxVr2YfBtaMUxn9u/4+siG1ptg9IGYAYwvpwn61nBg779RXnjE/m7CxYcIzEt0AbHZZAHSEZNhkE2WxURVg==",
			"requires": {
				"@types/istanbul-lib-coverage": "^2.0.0",
				"@types/istanbul-reports": "^1.1.1",
				"@types/yargs": "^12.0.9"
			}
		},
		"@sheerun/mutationobserver-shim": {
			"version": "0.3.2",
			"resolved": "https://registry.npmjs.org/@sheerun/mutationobserver-shim/-/mutationobserver-shim-0.3.2.tgz",
			"integrity": "sha512-vTCdPp/T/Q3oSqwHmZ5Kpa9oI7iLtGl3RQaA/NyLHikvcrPxACkkKVr/XzkSPJWXHRhKGzVvb0urJsbMlRxi1Q=="
		},
		"@testing-library/dom": {
			"version": "6.0.0",
			"resolved": "https://registry.npmjs.org/@testing-library/dom/-/dom-6.0.0.tgz",
			"integrity": "sha512-B5XTz3uMsbqbdR9CZlnwpZjTE3fCWuqRkz/zvDc2Ej/vuHmTM0Ur2v0XPwr7usWfGIBsahEK5HL1E91+4IFiBg==",
			"requires": {
				"@babel/runtime": "^7.5.5",
				"@sheerun/mutationobserver-shim": "^0.3.2",
				"aria-query": "3.0.0",
				"pretty-format": "^24.8.0",
				"wait-for-expect": "^1.3.0"
			}
		},
		"@testing-library/react": {
			"version": "9.1.1",
			"resolved": "https://registry.npmjs.org/@testing-library/react/-/react-9.1.1.tgz",
			"integrity": "sha512-mjX9l/onA5eVe8/4/obe7ZAw05U8s+kinXVglySVOMJo/oCSam9D9Dcg+aYVGsuBEuYV2W9m2LTP4KbNZh8BOw==",
			"requires": {
				"@babel/runtime": "^7.5.5",
				"@testing-library/dom": "^6.0.0",
				"@types/react-dom": "*"
			}
		},
		"@types/istanbul-lib-coverage": {
			"version": "2.0.1",
			"resolved": "https://registry.npmjs.org/@types/istanbul-lib-coverage/-/istanbul-lib-coverage-2.0.1.tgz",
			"integrity": "sha512-hRJD2ahnnpLgsj6KWMYSrmXkM3rm2Dl1qkx6IOFD5FnuNPXJIG5L0dhgKXCYTRMGzU4n0wImQ/xfmRc4POUFlg=="
		},
		"@types/istanbul-lib-report": {
			"version": "1.1.1",
			"resolved": "https://registry.npmjs.org/@types/istanbul-lib-report/-/istanbul-lib-report-1.1.1.tgz",
			"integrity": "sha512-3BUTyMzbZa2DtDI2BkERNC6jJw2Mr2Y0oGI7mRxYNBPxppbtEK1F66u3bKwU2g+wxwWI7PAoRpJnOY1grJqzHg==",
			"requires": {
				"@types/istanbul-lib-coverage": "*"
			}
		},
		"@types/istanbul-reports": {
			"version": "1.1.1",
			"resolved": "https://registry.npmjs.org/@types/istanbul-reports/-/istanbul-reports-1.1.1.tgz",
			"integrity": "sha512-UpYjBi8xefVChsCoBpKShdxTllC9pwISirfoZsUa2AAdQg/Jd2KQGtSbw+ya7GPo7x/wAPlH6JBhKhAsXUEZNA==",
			"requires": {
				"@types/istanbul-lib-coverage": "*",
				"@types/istanbul-lib-report": "*"
			}
		},
		"@types/prop-types": {
			"version": "15.7.1",
			"resolved": "https://registry.npmjs.org/@types/prop-types/-/prop-types-15.7.1.tgz",
			"integrity": "sha512-CFzn9idOEpHrgdw8JsoTkaDDyRWk1jrzIV8djzcgpq0y9tG4B4lFT+Nxh52DVpDXV+n4+NPNv7M1Dj5uMp6XFg=="
		},
		"@types/react": {
			"version": "16.9.1",
			"resolved": "https://registry.npmjs.org/@types/react/-/react-16.9.1.tgz",
			"integrity": "sha512-jGM2x8F7m7/r+81N/BOaUKVwbC5Cdw6ExlWEUpr77XPwVeNvAppnPEnMMLMfxRDYL8FPEX8MHjwtD2NQMJ0yyQ==",
			"requires": {
				"@types/prop-types": "*",
				"csstype": "^2.2.0"
			}
		},
		"@types/react-dom": {
			"version": "16.8.5",
			"resolved": "https://registry.npmjs.org/@types/react-dom/-/react-dom-16.8.5.tgz",
			"integrity": "sha512-idCEjROZ2cqh29+trmTmZhsBAUNQuYrF92JHKzZ5+aiFM1mlSk3bb23CK7HhYuOY75Apgap5y2jTyHzaM2AJGA==",
			"requires": {
				"@types/react": "*"
			}
		},
		"@types/yargs": {
			"version": "12.0.12",
			"resolved": "https://registry.npmjs.org/@types/yargs/-/yargs-12.0.12.tgz",
			"integrity": "sha512-SOhuU4wNBxhhTHxYaiG5NY4HBhDIDnJF60GU+2LqHAdKKer86//e4yg69aENCtQ04n0ovz+tq2YPME5t5yp4pw=="
		},
		"ansi-regex": {
			"version": "4.1.0",
			"resolved": "https://registry.npmjs.org/ansi-regex/-/ansi-regex-4.1.0.tgz",
			"integrity": "sha512-1apePfXM1UOSqw0o9IiFAovVz9M5S1Dg+4TrDwfMewQ6p/rmMueb7tWZjQ1rx4Loy1ArBggoqGpfqqdI4rondg=="
		},
		"ansi-styles": {
			"version": "3.2.1",
			"resolved": "https://registry.npmjs.org/ansi-styles/-/ansi-styles-3.2.1.tgz",
			"integrity": "sha512-VT0ZI6kZRdTh8YyJw3SMbYm/u+NqfsAxEpWO0Pf9sq8/e94WxxOpPKx9FR1FlyCtOVDNOQ+8ntlqFxiRc+r5qA==",
			"requires": {
				"color-convert": "^1.9.0"
			}
		},
		"aria-query": {
			"version": "3.0.0",
			"resolved": "https://registry.npmjs.org/aria-query/-/aria-query-3.0.0.tgz",
			"integrity": "sha1-ZbP8wcoRVajJrmTW7uKX8V1RM8w=",
			"requires": {
				"ast-types-flow": "0.0.7",
				"commander": "^2.11.0"
			}
		},
		"ast-types-flow": {
			"version": "0.0.7",
			"resolved": "https://registry.npmjs.org/ast-types-flow/-/ast-types-flow-0.0.7.tgz",
			"integrity": "sha1-9wtzXGvKGlycItmCw+Oef+ujva0="
		},
		"color-convert": {
			"version": "1.9.3",
			"resolved": "https://registry.npmjs.org/color-convert/-/color-convert-1.9.3.tgz",
			"integrity": "sha512-QfAUtd+vFdAtFQcC8CCyYt1fYWxSqAiK2cSD6zDB8N3cpsEBAvRxp9zOGg6G/SHHJYAT88/az/IuDGALsNVbGg==",
			"requires": {
				"color-name": "1.1.3"
			}
		},
		"color-name": {
			"version": "1.1.3",
			"resolved": "https://registry.npmjs.org/color-name/-/color-name-1.1.3.tgz",
			"integrity": "sha1-p9BVi9icQveV3UIyj3QIMcpTvCU="
		},
		"commander": {
			"version": "2.20.0",
			"resolved": "https://registry.npmjs.org/commander/-/commander-2.20.0.tgz",
			"integrity": "sha512-7j2y+40w61zy6YC2iRNpUe/NwhNyoXrYpHMrSunaMG64nRnaf96zO/KMQR4OyN/UnE5KLyEBnKHd4aG3rskjpQ=="
		},
		"csstype": {
			"version": "2.6.6",
			"resolved": "https://registry.npmjs.org/csstype/-/csstype-2.6.6.tgz",
			"integrity": "sha512-RpFbQGUE74iyPgvr46U9t1xoQBM8T4BL8SxrN66Le2xYAPSaDJJKeztV3awugusb3g3G9iL8StmkBBXhcbbXhg=="
		},
		"pretty-format": {
			"version": "24.8.0",
			"resolved": "https://registry.npmjs.org/pretty-format/-/pretty-format-24.8.0.tgz",
			"integrity": "sha512-P952T7dkrDEplsR+TuY7q3VXDae5Sr7zmQb12JU/NDQa/3CH7/QW0yvqLcGN6jL+zQFKaoJcPc+yJxMTGmosqw==",
			"requires": {
				"@jest/types": "^24.8.0",
				"ansi-regex": "^4.0.0",
				"ansi-styles": "^3.2.0",
				"react-is": "^16.8.4"
			}
		},
		"react-is": {
			"version": "16.9.0",
			"resolved": "https://registry.npmjs.org/react-is/-/react-is-16.9.0.tgz",
			"integrity": "sha512-tJBzzzIgnnRfEm046qRcURvwQnZVXmuCbscxUO5RWrGTXpon2d4c8mI0D8WE6ydVIm29JiLB6+RslkIvym9Rjw=="
		},
		"regenerator-runtime": {
			"version": "0.13.3",
			"resolved": "https://registry.npmjs.org/regenerator-runtime/-/regenerator-runtime-0.13.3.tgz",
			"integrity": "sha512-naKIZz2GQ8JWh///G7L3X6LaQUAMp2lvb1rvwwsURe/VXwD6VMfr+/1NuNw3ag8v2kY1aQ/go5SNn79O9JU7yw=="
		},
		"typescript": {
			"version": "3.5.3",
			"resolved": "https://registry.npmjs.org/typescript/-/typescript-3.5.3.tgz",
			"integrity": "sha512-ACzBtm/PhXBDId6a6sDJfroT2pOWt/oOnk4/dElG5G33ZL776N3Y6/6bKZJBFpd+b05F3Ct9qDjMeJmRWtE2/g==",
			"dev": true
		},
		"wait-for-expect": {
			"version": "1.3.0",
			"resolved": "https://registry.npmjs.org/wait-for-expect/-/wait-for-expect-1.3.0.tgz",
			"integrity": "sha512-8fJU7jiA96HfGPt+P/UilelSAZfhMBJ52YhKzlmZQvKEZU2EcD1GQ0yqGB6liLdHjYtYAoGVigYwdxr5rktvzA=="
		}
	}
}
